// !$*UTF8*$!
{
	archiveVersion = 1;
	classes = {
	};
	objectVersion = 46;
	objects = {

/* Begin PBXBuildFile section */
		6ABC2D9C1CD42C4A006B959F /* _TSLibraryImage.m in Sources */ = {isa = PBXBuildFile; fileRef = 6ABC2D9B1CD42C4A006B959F /* _TSLibraryImage.m */; };
		6ABC2DAC1CD4357E006B959F /* TSLibraryAlbum.m in Sources */ = {isa = PBXBuildFile; fileRef = 6ABC2DA11CD4357E006B959F /* TSLibraryAlbum.m */; };
		6ABC2DAD1CD4357E006B959F /* TSLibraryAlbumCollection.m in Sources */ = {isa = PBXBuildFile; fileRef = 6ABC2DA31CD4357E006B959F /* TSLibraryAlbumCollection.m */; };
		6ABC2DAE1CD4357E006B959F /* TSLibraryExportService.m in Sources */ = {isa = PBXBuildFile; fileRef = 6ABC2DA51CD4357E006B959F /* TSLibraryExportService.m */; };
		6ABC2DAF1CD4357E006B959F /* TSLibraryImage.m in Sources */ = {isa = PBXBuildFile; fileRef = 6ABC2DA71CD4357E006B959F /* TSLibraryImage.m */; };
		6ABC2DB01CD4357E006B959F /* TSLibraryImageAdjustment.m in Sources */ = {isa = PBXBuildFile; fileRef = 6ABC2DA91CD4357E006B959F /* TSLibraryImageAdjustment.m */; };
		6ABC2DB11CD4357E006B959F /* TSLibraryTag.m in Sources */ = {isa = PBXBuildFile; fileRef = 6ABC2DAB1CD4357E006B959F /* TSLibraryTag.m */; };
		6ABC2DBE1CD43586006B959F /* _TSLibraryAlbum.m in Sources */ = {isa = PBXBuildFile; fileRef = 6ABC2DB31CD43586006B959F /* _TSLibraryAlbum.m */; };
		6ABC2DBF1CD43586006B959F /* _TSLibraryAlbumCollection.m in Sources */ = {isa = PBXBuildFile; fileRef = 6ABC2DB51CD43586006B959F /* _TSLibraryAlbumCollection.m */; };
		6ABC2DC01CD43586006B959F /* _TSLibraryExportService.m in Sources */ = {isa = PBXBuildFile; fileRef = 6ABC2DB71CD43586006B959F /* _TSLibraryExportService.m */; };
		6ABC2DC21CD43586006B959F /* _TSLibraryImageAdjustment.m in Sources */ = {isa = PBXBuildFile; fileRef = 6ABC2DBB1CD43586006B959F /* _TSLibraryImageAdjustment.m */; };
		6ABC2DC31CD43586006B959F /* _TSLibraryTag.m in Sources */ = {isa = PBXBuildFile; fileRef = 6ABC2DBD1CD43586006B959F /* _TSLibraryTag.m */; };
		6AE87BC91CD275C90053CD9D /* TSAppDelegate.m in Sources */ = {isa = PBXBuildFile; fileRef = 6AE87BC81CD275C90053CD9D /* TSAppDelegate.m */; };
		6AE87BCC1CD275C90053CD9D /* main.m in Sources */ = {isa = PBXBuildFile; fileRef = 6AE87BCB1CD275C90053CD9D /* main.m */; };
		6AE87BD11CD275C90053CD9D /* Assets.xcassets in Resources */ = {isa = PBXBuildFile; fileRef = 6AE87BD01CD275C90053CD9D /* Assets.xcassets */; };
		6AE87BD41CD275C90053CD9D /* MainMenu.xib in Resources */ = {isa = PBXBuildFile; fileRef = 6AE87BD21CD275C90053CD9D /* MainMenu.xib */; };
		6AE87BEC1CD276E70053CD9D /* Avocado.xcdatamodeld in Sources */ = {isa = PBXBuildFile; fileRef = 6AE87BEA1CD276E70053CD9D /* Avocado.xcdatamodeld */; };
		6AE87C151CD3D4B60053CD9D /* libraw_r.a in Frameworks */ = {isa = PBXBuildFile; fileRef = 6AE87C141CD3D4B60053CD9D /* libraw_r.a */; };
		6AE87C211CD3D5460053CD9D /* TSLibRawWrapper.m in Sources */ = {isa = PBXBuildFile; fileRef = 6AE87C201CD3D5460053CD9D /* TSLibRawWrapper.m */; };
		EA7EEFA26E5969496DFD4D34 /* libPods-Avocado.a in Frameworks */ = {isa = PBXBuildFile; fileRef = 037613DEB79D67C508440DFB /* libPods-Avocado.a */; };
/* End PBXBuildFile section */

/* Begin PBXFileReference section */
		037613DEB79D67C508440DFB /* libPods-Avocado.a */ = {isa = PBXFileReference; explicitFileType = archive.ar; includeInIndex = 0; path = "libPods-Avocado.a"; sourceTree = BUILT_PRODUCTS_DIR; };
		072E3CE76E3BE9A62C321D67 /* Pods-Avocado.debug.xcconfig */ = {isa = PBXFileReference; includeInIndex = 1; lastKnownFileType = text.xcconfig; name = "Pods-Avocado.debug.xcconfig"; path = "Pods/Target Support Files/Pods-Avocado/Pods-Avocado.debug.xcconfig"; sourceTree = "<group>"; };
		6ABC2D991CD42C30006B959F /* TSHumanModels.h */ = {isa = PBXFileReference; lastKnownFileType = sourcecode.c.h; name = TSHumanModels.h; path = "Avocado/CoreData/Managed Object Subclasses/TSHumanModels.h"; sourceTree = "<group>"; };
		6ABC2D9A1CD42C4A006B959F /* _TSLibraryImage.h */ = {isa = PBXFileReference; fileEncoding = 4; lastKnownFileType = sourcecode.c.h; name = _TSLibraryImage.h; path = "Avocado/CoreData/Managed Object Subclasses/Entity/_TSLibraryImage.h"; sourceTree = "<group>"; };
		6ABC2D9B1CD42C4A006B959F /* _TSLibraryImage.m */ = {isa = PBXFileReference; fileEncoding = 4; lastKnownFileType = sourcecode.c.objc; name = _TSLibraryImage.m; path = "Avocado/CoreData/Managed Object Subclasses/Entity/_TSLibraryImage.m"; sourceTree = "<group>"; };
		6ABC2D9D1CD42C56006B959F /* TSLibraryImage.h */ = {isa = PBXFileReference; fileEncoding = 4; lastKnownFileType = sourcecode.c.h; name = TSLibraryImage.h; path = "Avocado/CoreData/Managed Object Subclasses/Model/TSLibraryImage.h"; sourceTree = "<group>"; };
		6ABC2D9E1CD42C56006B959F /* TSLibraryImage.m */ = {isa = PBXFileReference; fileEncoding = 4; lastKnownFileType = sourcecode.c.objc; name = TSLibraryImage.m; path = "Avocado/CoreData/Managed Object Subclasses/Model/TSLibraryImage.m"; sourceTree = "<group>"; };
		6ABC2DA01CD4357E006B959F /* TSLibraryAlbum.h */ = {isa = PBXFileReference; fileEncoding = 4; lastKnownFileType = sourcecode.c.h; name = TSLibraryAlbum.h; path = "Avocado/CoreData/Managed Object Subclasses/Model/TSLibraryAlbum.h"; sourceTree = "<group>"; };
		6ABC2DA11CD4357E006B959F /* TSLibraryAlbum.m */ = {isa = PBXFileReference; fileEncoding = 4; lastKnownFileType = sourcecode.c.objc; name = TSLibraryAlbum.m; path = "Avocado/CoreData/Managed Object Subclasses/Model/TSLibraryAlbum.m"; sourceTree = "<group>"; };
		6ABC2DA21CD4357E006B959F /* TSLibraryAlbumCollection.h */ = {isa = PBXFileReference; fileEncoding = 4; lastKnownFileType = sourcecode.c.h; name = TSLibraryAlbumCollection.h; path = "Avocado/CoreData/Managed Object Subclasses/Model/TSLibraryAlbumCollection.h"; sourceTree = "<group>"; };
		6ABC2DA31CD4357E006B959F /* TSLibraryAlbumCollection.m */ = {isa = PBXFileReference; fileEncoding = 4; lastKnownFileType = sourcecode.c.objc; name = TSLibraryAlbumCollection.m; path = "Avocado/CoreData/Managed Object Subclasses/Model/TSLibraryAlbumCollection.m"; sourceTree = "<group>"; };
		6ABC2DA41CD4357E006B959F /* TSLibraryExportService.h */ = {isa = PBXFileReference; fileEncoding = 4; lastKnownFileType = sourcecode.c.h; name = TSLibraryExportService.h; path = "Avocado/CoreData/Managed Object Subclasses/Model/TSLibraryExportService.h"; sourceTree = "<group>"; };
		6ABC2DA51CD4357E006B959F /* TSLibraryExportService.m */ = {isa = PBXFileReference; fileEncoding = 4; lastKnownFileType = sourcecode.c.objc; name = TSLibraryExportService.m; path = "Avocado/CoreData/Managed Object Subclasses/Model/TSLibraryExportService.m"; sourceTree = "<group>"; };
		6ABC2DA61CD4357E006B959F /* TSLibraryImage.h */ = {isa = PBXFileReference; fileEncoding = 4; lastKnownFileType = sourcecode.c.h; name = TSLibraryImage.h; path = "Avocado/CoreData/Managed Object Subclasses/Model/TSLibraryImage.h"; sourceTree = "<group>"; };
		6ABC2DA71CD4357E006B959F /* TSLibraryImage.m */ = {isa = PBXFileReference; fileEncoding = 4; lastKnownFileType = sourcecode.c.objc; name = TSLibraryImage.m; path = "Avocado/CoreData/Managed Object Subclasses/Model/TSLibraryImage.m"; sourceTree = "<group>"; };
		6ABC2DA81CD4357E006B959F /* TSLibraryImageAdjustment.h */ = {isa = PBXFileReference; fileEncoding = 4; lastKnownFileType = sourcecode.c.h; name = TSLibraryImageAdjustment.h; path = "Avocado/CoreData/Managed Object Subclasses/Model/TSLibraryImageAdjustment.h"; sourceTree = "<group>"; };
		6ABC2DA91CD4357E006B959F /* TSLibraryImageAdjustment.m */ = {isa = PBXFileReference; fileEncoding = 4; lastKnownFileType = sourcecode.c.objc; name = TSLibraryImageAdjustment.m; path = "Avocado/CoreData/Managed Object Subclasses/Model/TSLibraryImageAdjustment.m"; sourceTree = "<group>"; };
		6ABC2DAA1CD4357E006B959F /* TSLibraryTag.h */ = {isa = PBXFileReference; fileEncoding = 4; lastKnownFileType = sourcecode.c.h; name = TSLibraryTag.h; path = "Avocado/CoreData/Managed Object Subclasses/Model/TSLibraryTag.h"; sourceTree = "<group>"; };
		6ABC2DAB1CD4357E006B959F /* TSLibraryTag.m */ = {isa = PBXFileReference; fileEncoding = 4; lastKnownFileType = sourcecode.c.objc; name = TSLibraryTag.m; path = "Avocado/CoreData/Managed Object Subclasses/Model/TSLibraryTag.m"; sourceTree = "<group>"; };
		6ABC2DB21CD43586006B959F /* _TSLibraryAlbum.h */ = {isa = PBXFileReference; fileEncoding = 4; lastKnownFileType = sourcecode.c.h; name = _TSLibraryAlbum.h; path = "Avocado/CoreData/Managed Object Subclasses/Entity/_TSLibraryAlbum.h"; sourceTree = "<group>"; };
		6ABC2DB31CD43586006B959F /* _TSLibraryAlbum.m */ = {isa = PBXFileReference; fileEncoding = 4; lastKnownFileType = sourcecode.c.objc; name = _TSLibraryAlbum.m; path = "Avocado/CoreData/Managed Object Subclasses/Entity/_TSLibraryAlbum.m"; sourceTree = "<group>"; };
		6ABC2DB41CD43586006B959F /* _TSLibraryAlbumCollection.h */ = {isa = PBXFileReference; fileEncoding = 4; lastKnownFileType = sourcecode.c.h; name = _TSLibraryAlbumCollection.h; path = "Avocado/CoreData/Managed Object Subclasses/Entity/_TSLibraryAlbumCollection.h"; sourceTree = "<group>"; };
		6ABC2DB51CD43586006B959F /* _TSLibraryAlbumCollection.m */ = {isa = PBXFileReference; fileEncoding = 4; lastKnownFileType = sourcecode.c.objc; name = _TSLibraryAlbumCollection.m; path = "Avocado/CoreData/Managed Object Subclasses/Entity/_TSLibraryAlbumCollection.m"; sourceTree = "<group>"; };
		6ABC2DB61CD43586006B959F /* _TSLibraryExportService.h */ = {isa = PBXFileReference; fileEncoding = 4; lastKnownFileType = sourcecode.c.h; name = _TSLibraryExportService.h; path = "Avocado/CoreData/Managed Object Subclasses/Entity/_TSLibraryExportService.h"; sourceTree = "<group>"; };
		6ABC2DB71CD43586006B959F /* _TSLibraryExportService.m */ = {isa = PBXFileReference; fileEncoding = 4; lastKnownFileType = sourcecode.c.objc; name = _TSLibraryExportService.m; path = "Avocado/CoreData/Managed Object Subclasses/Entity/_TSLibraryExportService.m"; sourceTree = "<group>"; };
		6ABC2DB81CD43586006B959F /* _TSLibraryImage.h */ = {isa = PBXFileReference; fileEncoding = 4; lastKnownFileType = sourcecode.c.h; name = _TSLibraryImage.h; path = "Avocado/CoreData/Managed Object Subclasses/Entity/_TSLibraryImage.h"; sourceTree = "<group>"; };
		6ABC2DB91CD43586006B959F /* _TSLibraryImage.m */ = {isa = PBXFileReference; fileEncoding = 4; lastKnownFileType = sourcecode.c.objc; name = _TSLibraryImage.m; path = "Avocado/CoreData/Managed Object Subclasses/Entity/_TSLibraryImage.m"; sourceTree = "<group>"; };
		6ABC2DBA1CD43586006B959F /* _TSLibraryImageAdjustment.h */ = {isa = PBXFileReference; fileEncoding = 4; lastKnownFileType = sourcecode.c.h; name = _TSLibraryImageAdjustment.h; path = "Avocado/CoreData/Managed Object Subclasses/Entity/_TSLibraryImageAdjustment.h"; sourceTree = "<group>"; };
		6ABC2DBB1CD43586006B959F /* _TSLibraryImageAdjustment.m */ = {isa = PBXFileReference; fileEncoding = 4; lastKnownFileType = sourcecode.c.objc; name = _TSLibraryImageAdjustment.m; path = "Avocado/CoreData/Managed Object Subclasses/Entity/_TSLibraryImageAdjustment.m"; sourceTree = "<group>"; };
		6ABC2DBC1CD43586006B959F /* _TSLibraryTag.h */ = {isa = PBXFileReference; fileEncoding = 4; lastKnownFileType = sourcecode.c.h; name = _TSLibraryTag.h; path = "Avocado/CoreData/Managed Object Subclasses/Entity/_TSLibraryTag.h"; sourceTree = "<group>"; };
		6ABC2DBD1CD43586006B959F /* _TSLibraryTag.m */ = {isa = PBXFileReference; fileEncoding = 4; lastKnownFileType = sourcecode.c.objc; name = _TSLibraryTag.m; path = "Avocado/CoreData/Managed Object Subclasses/Entity/_TSLibraryTag.m"; sourceTree = "<group>"; };
		6AE87BC41CD275C90053CD9D /* Avocado.app */ = {isa = PBXFileReference; explicitFileType = wrapper.application; includeInIndex = 0; path = Avocado.app; sourceTree = BUILT_PRODUCTS_DIR; };
		6AE87BC71CD275C90053CD9D /* TSAppDelegate.h */ = {isa = PBXFileReference; lastKnownFileType = sourcecode.c.h; path = TSAppDelegate.h; sourceTree = "<group>"; };
		6AE87BC81CD275C90053CD9D /* TSAppDelegate.m */ = {isa = PBXFileReference; lastKnownFileType = sourcecode.c.objc; path = TSAppDelegate.m; sourceTree = "<group>"; };
		6AE87BCB1CD275C90053CD9D /* main.m */ = {isa = PBXFileReference; lastKnownFileType = sourcecode.c.objc; path = main.m; sourceTree = "<group>"; };
		6AE87BD01CD275C90053CD9D /* Assets.xcassets */ = {isa = PBXFileReference; lastKnownFileType = folder.assetcatalog; path = Assets.xcassets; sourceTree = "<group>"; };
		6AE87BD31CD275C90053CD9D /* Base */ = {isa = PBXFileReference; lastKnownFileType = file.xib; name = Base; path = Base.lproj/MainMenu.xib; sourceTree = "<group>"; };
		6AE87BD51CD275C90053CD9D /* Info.plist */ = {isa = PBXFileReference; lastKnownFileType = text.plist.xml; path = Info.plist; sourceTree = "<group>"; };
		6AE87BDD1CD2767A0053CD9D /* Avocado-Prefix.pch */ = {isa = PBXFileReference; lastKnownFileType = sourcecode.c.h; path = "Avocado-Prefix.pch"; sourceTree = "<group>"; };
		6AE87BE91CD276BF0053CD9D /* mogenerator.sh */ = {isa = PBXFileReference; lastKnownFileType = text.script.sh; name = mogenerator.sh; path = Avocado/CoreData/mogenerator.sh; sourceTree = "<group>"; };
		6AE87BEB1CD276E70053CD9D /* Avocado.xcdatamodel */ = {isa = PBXFileReference; lastKnownFileType = wrapper.xcdatamodel; path = Avocado.xcdatamodel; sourceTree = "<group>"; };
		6AE87C141CD3D4B60053CD9D /* libraw_r.a */ = {isa = PBXFileReference; lastKnownFileType = archive.ar; name = libraw_r.a; path = "Dependencies/LibRaw-0.17.1/lib/.libs/libraw_r.a"; sourceTree = "<group>"; };
		6AE87C171CD3D4D40053CD9D /* libraw.h */ = {isa = PBXFileReference; fileEncoding = 4; lastKnownFileType = sourcecode.c.h; path = libraw.h; sourceTree = "<group>"; };
		6AE87C181CD3D4D40053CD9D /* libraw_alloc.h */ = {isa = PBXFileReference; fileEncoding = 4; lastKnownFileType = sourcecode.c.h; path = libraw_alloc.h; sourceTree = "<group>"; };
		6AE87C191CD3D4D40053CD9D /* libraw_const.h */ = {isa = PBXFileReference; fileEncoding = 4; lastKnownFileType = sourcecode.c.h; path = libraw_const.h; sourceTree = "<group>"; };
		6AE87C1A1CD3D4D40053CD9D /* libraw_datastream.h */ = {isa = PBXFileReference; fileEncoding = 4; lastKnownFileType = sourcecode.c.h; path = libraw_datastream.h; sourceTree = "<group>"; };
		6AE87C1B1CD3D4D40053CD9D /* libraw_internal.h */ = {isa = PBXFileReference; fileEncoding = 4; lastKnownFileType = sourcecode.c.h; path = libraw_internal.h; sourceTree = "<group>"; };
		6AE87C1C1CD3D4D40053CD9D /* libraw_types.h */ = {isa = PBXFileReference; fileEncoding = 4; lastKnownFileType = sourcecode.c.h; path = libraw_types.h; sourceTree = "<group>"; };
		6AE87C1D1CD3D4D40053CD9D /* libraw_version.h */ = {isa = PBXFileReference; fileEncoding = 4; lastKnownFileType = sourcecode.c.h; path = libraw_version.h; sourceTree = "<group>"; };
		6AE87C1F1CD3D5460053CD9D /* TSLibRawWrapper.h */ = {isa = PBXFileReference; fileEncoding = 4; lastKnownFileType = sourcecode.c.h; name = TSLibRawWrapper.h; path = "Avocado/RAW Processing/TSLibRawWrapper.h"; sourceTree = "<group>"; };
		6AE87C201CD3D5460053CD9D /* TSLibRawWrapper.m */ = {isa = PBXFileReference; explicitFileType = sourcecode.cpp.objcpp; fileEncoding = 4; name = TSLibRawWrapper.m; path = "Avocado/RAW Processing/TSLibRawWrapper.m"; sourceTree = "<group>"; };
		70A0E8562B68C925C7E5445C /* Pods-Avocado.release.xcconfig */ = {isa = PBXFileReference; includeInIndex = 1; lastKnownFileType = text.xcconfig; name = "Pods-Avocado.release.xcconfig"; path = "Pods/Target Support Files/Pods-Avocado/Pods-Avocado.release.xcconfig"; sourceTree = "<group>"; };
/* End PBXFileReference section */

/* Begin PBXFrameworksBuildPhase section */
		6AE87BC11CD275C90053CD9D /* Frameworks */ = {
			isa = PBXFrameworksBuildPhase;
			buildActionMask = 2147483647;
			files = (
				EA7EEFA26E5969496DFD4D34 /* libPods-Avocado.a in Frameworks */,
				6AE87C151CD3D4B60053CD9D /* libraw_r.a in Frameworks */,
			);
			runOnlyForDeploymentPostprocessing = 0;
		};
/* End PBXFrameworksBuildPhase section */

/* Begin PBXGroup section */
		6AE87BBB1CD275C90053CD9D = {
			isa = PBXGroup;
			children = (
				6AE87BDC1CD276070053CD9D /* CoreData */,
				6AE87BC61CD275C90053CD9D /* App Delegate */,
				6AE87BF11CD3D28E0053CD9D /* Dependencies */,
				6AE87BDB1CD275FA0053CD9D /* Resources */,
				6AE87BCA1CD275C90053CD9D /* Supporting Files */,
				6AE87BC51CD275C90053CD9D /* Products */,
				8A1D7E197716AC0277E58CE5 /* Pods */,
				F4FC62D8D3C46EB93528ACF1 /* Frameworks */,
			);
			sourceTree = "<group>";
		};
		6AE87BC51CD275C90053CD9D /* Products */ = {
			isa = PBXGroup;
			children = (
				6AE87BC41CD275C90053CD9D /* Avocado.app */,
			);
			name = Products;
			sourceTree = "<group>";
		};
		6AE87BC61CD275C90053CD9D /* App Delegate */ = {
			isa = PBXGroup;
			children = (
				6AE87BC71CD275C90053CD9D /* TSAppDelegate.h */,
				6AE87BC81CD275C90053CD9D /* TSAppDelegate.m */,
				6AE87BD21CD275C90053CD9D /* MainMenu.xib */,
			);
			name = "App Delegate";
			path = Avocado;
			sourceTree = "<group>";
		};
		6AE87BCA1CD275C90053CD9D /* Supporting Files */ = {
			isa = PBXGroup;
			children = (
				6AE87BCB1CD275C90053CD9D /* main.m */,
				6AE87BDD1CD2767A0053CD9D /* Avocado-Prefix.pch */,
			);
			name = "Supporting Files";
			path = Avocado;
			sourceTree = "<group>";
		};
		6AE87BDB1CD275FA0053CD9D /* Resources */ = {
			isa = PBXGroup;
			children = (
				6AE87BD51CD275C90053CD9D /* Info.plist */,
				6AE87BD01CD275C90053CD9D /* Assets.xcassets */,
			);
			name = Resources;
			path = Avocado;
			sourceTree = "<group>";
		};
		6AE87BDC1CD276070053CD9D /* CoreData */ = {
			isa = PBXGroup;
			children = (
				6AE87BEE1CD2777E0053CD9D /* Managed Object Subclasses */,
				6AE87BE81CD276AE0053CD9D /* Build Tools */,
				6AE87BEA1CD276E70053CD9D /* Avocado.xcdatamodeld */,
			);
			name = CoreData;
			sourceTree = "<group>";
		};
		6AE87BE81CD276AE0053CD9D /* Build Tools */ = {
			isa = PBXGroup;
			children = (
				6AE87BE91CD276BF0053CD9D /* mogenerator.sh */,
			);
			name = "Build Tools";
			sourceTree = "<group>";
		};
		6AE87BEE1CD2777E0053CD9D /* Managed Object Subclasses */ = {
			isa = PBXGroup;
			children = (
				6ABC2D991CD42C30006B959F /* TSHumanModels.h */,
				6AE87BF01CD277860053CD9D /* Model */,
				6AE87BEF1CD277830053CD9D /* Entity */,
			);
			name = "Managed Object Subclasses";
			sourceTree = "<group>";
		};
		6AE87BEF1CD277830053CD9D /* Entity */ = {
			isa = PBXGroup;
			children = (
				6ABC2DB21CD43586006B959F /* _TSLibraryAlbum.h */,
				6ABC2DB31CD43586006B959F /* _TSLibraryAlbum.m */,
				6ABC2DB41CD43586006B959F /* _TSLibraryAlbumCollection.h */,
				6ABC2DB51CD43586006B959F /* _TSLibraryAlbumCollection.m */,
				6ABC2DB61CD43586006B959F /* _TSLibraryExportService.h */,
				6ABC2DB71CD43586006B959F /* _TSLibraryExportService.m */,
				6ABC2DB81CD43586006B959F /* _TSLibraryImage.h */,
				6ABC2DB91CD43586006B959F /* _TSLibraryImage.m */,
				6ABC2DBA1CD43586006B959F /* _TSLibraryImageAdjustment.h */,
				6ABC2DBB1CD43586006B959F /* _TSLibraryImageAdjustment.m */,
				6ABC2DBC1CD43586006B959F /* _TSLibraryTag.h */,
				6ABC2DBD1CD43586006B959F /* _TSLibraryTag.m */,
				6ABC2D9A1CD42C4A006B959F /* _TSLibraryImage.h */,
				6ABC2D9B1CD42C4A006B959F /* _TSLibraryImage.m */,
			);
			name = Entity;
			sourceTree = "<group>";
		};
		6AE87BF01CD277860053CD9D /* Model */ = {
			isa = PBXGroup;
			children = (
				6ABC2DA01CD4357E006B959F /* TSLibraryAlbum.h */,
				6ABC2DA11CD4357E006B959F /* TSLibraryAlbum.m */,
				6ABC2DA21CD4357E006B959F /* TSLibraryAlbumCollection.h */,
				6ABC2DA31CD4357E006B959F /* TSLibraryAlbumCollection.m */,
				6ABC2DA41CD4357E006B959F /* TSLibraryExportService.h */,
				6ABC2DA51CD4357E006B959F /* TSLibraryExportService.m */,
				6ABC2DA61CD4357E006B959F /* TSLibraryImage.h */,
				6ABC2DA71CD4357E006B959F /* TSLibraryImage.m */,
				6ABC2DA81CD4357E006B959F /* TSLibraryImageAdjustment.h */,
				6ABC2DA91CD4357E006B959F /* TSLibraryImageAdjustment.m */,
				6ABC2DAA1CD4357E006B959F /* TSLibraryTag.h */,
				6ABC2DAB1CD4357E006B959F /* TSLibraryTag.m */,
				6ABC2D9D1CD42C56006B959F /* TSLibraryImage.h */,
				6ABC2D9E1CD42C56006B959F /* TSLibraryImage.m */,
			);
			name = Model;
			sourceTree = "<group>";
		};
		6AE87BF11CD3D28E0053CD9D /* Dependencies */ = {
			isa = PBXGroup;
			children = (
				6AE87BF21CD3D2940053CD9D /* libraw */,
			);
			name = Dependencies;
			sourceTree = "<group>";
		};
		6AE87BF21CD3D2940053CD9D /* libraw */ = {
			isa = PBXGroup;
			children = (
				6AE87C141CD3D4B60053CD9D /* libraw_r.a */,
				6AE87C1E1CD3D5280053CD9D /* ObjC Wrapper */,
				6AE87C161CD3D4D40053CD9D /* Headers */,
			);
			name = libraw;
			sourceTree = "<group>";
		};
		6AE87C161CD3D4D40053CD9D /* Headers */ = {
			isa = PBXGroup;
			children = (
				6AE87C171CD3D4D40053CD9D /* libraw.h */,
				6AE87C181CD3D4D40053CD9D /* libraw_alloc.h */,
				6AE87C191CD3D4D40053CD9D /* libraw_const.h */,
				6AE87C1A1CD3D4D40053CD9D /* libraw_datastream.h */,
				6AE87C1B1CD3D4D40053CD9D /* libraw_internal.h */,
				6AE87C1C1CD3D4D40053CD9D /* libraw_types.h */,
				6AE87C1D1CD3D4D40053CD9D /* libraw_version.h */,
			);
			name = Headers;
			path = "Dependencies/LibRaw-0.17.1/libraw";
			sourceTree = "<group>";
		};
		6AE87C1E1CD3D5280053CD9D /* ObjC Wrapper */ = {
			isa = PBXGroup;
			children = (
				6AE87C1F1CD3D5460053CD9D /* TSLibRawWrapper.h */,
				6AE87C201CD3D5460053CD9D /* TSLibRawWrapper.m */,
			);
			name = "ObjC Wrapper";
			sourceTree = "<group>";
		};
		8A1D7E197716AC0277E58CE5 /* Pods */ = {
			isa = PBXGroup;
			children = (
				072E3CE76E3BE9A62C321D67 /* Pods-Avocado.debug.xcconfig */,
				70A0E8562B68C925C7E5445C /* Pods-Avocado.release.xcconfig */,
			);
			name = Pods;
			sourceTree = "<group>";
		};
		F4FC62D8D3C46EB93528ACF1 /* Frameworks */ = {
			isa = PBXGroup;
			children = (
				037613DEB79D67C508440DFB /* libPods-Avocado.a */,
			);
			name = Frameworks;
			sourceTree = "<group>";
		};
/* End PBXGroup section */

/* Begin PBXNativeTarget section */
		6AE87BC31CD275C90053CD9D /* Avocado */ = {
			isa = PBXNativeTarget;
			buildConfigurationList = 6AE87BD81CD275C90053CD9D /* Build configuration list for PBXNativeTarget "Avocado" */;
			buildPhases = (
				F8652002148D4BDE09E87921 /* Check Pods Manifest.lock */,
				6AE87BED1CD276FD0053CD9D /* Update CoreData Subclasses (mogenerator) */,
				6AE87BC01CD275C90053CD9D /* Sources */,
				6AE87BC11CD275C90053CD9D /* Frameworks */,
				6AE87BC21CD275C90053CD9D /* Resources */,
				677C148D027D0E0A6543CA26 /* Embed Pods Frameworks */,
				B0DFEA25DCDDB691FBC6651D /* Copy Pods Resources */,
			);
			buildRules = (
			);
			dependencies = (
			);
			name = Avocado;
			productName = Avocado;
			productReference = 6AE87BC41CD275C90053CD9D /* Avocado.app */;
			productType = "com.apple.product-type.application";
		};
/* End PBXNativeTarget section */

/* Begin PBXProject section */
		6AE87BBC1CD275C90053CD9D /* Project object */ = {
			isa = PBXProject;
			attributes = {
				LastUpgradeCheck = 0730;
				ORGANIZATIONNAME = "Tristan Seifert";
				TargetAttributes = {
					6AE87BC31CD275C90053CD9D = {
						CreatedOnToolsVersion = 7.3;
					};
				};
			};
			buildConfigurationList = 6AE87BBF1CD275C90053CD9D /* Build configuration list for PBXProject "Avocado" */;
			compatibilityVersion = "Xcode 3.2";
			developmentRegion = English;
			hasScannedForEncodings = 0;
			knownRegions = (
				en,
				Base,
			);
			mainGroup = 6AE87BBB1CD275C90053CD9D;
			productRefGroup = 6AE87BC51CD275C90053CD9D /* Products */;
			projectDirPath = "";
			projectRoot = "";
			targets = (
				6AE87BC31CD275C90053CD9D /* Avocado */,
			);
		};
/* End PBXProject section */

/* Begin PBXResourcesBuildPhase section */
		6AE87BC21CD275C90053CD9D /* Resources */ = {
			isa = PBXResourcesBuildPhase;
			buildActionMask = 2147483647;
			files = (
				6AE87BD11CD275C90053CD9D /* Assets.xcassets in Resources */,
				6AE87BD41CD275C90053CD9D /* MainMenu.xib in Resources */,
			);
			runOnlyForDeploymentPostprocessing = 0;
		};
/* End PBXResourcesBuildPhase section */

/* Begin PBXShellScriptBuildPhase section */
		677C148D027D0E0A6543CA26 /* Embed Pods Frameworks */ = {
			isa = PBXShellScriptBuildPhase;
			buildActionMask = 2147483647;
			files = (
			);
			inputPaths = (
			);
			name = "Embed Pods Frameworks";
			outputPaths = (
			);
			runOnlyForDeploymentPostprocessing = 0;
			shellPath = /bin/sh;
			shellScript = "\"${SRCROOT}/Pods/Target Support Files/Pods-Avocado/Pods-Avocado-frameworks.sh\"\n";
			showEnvVarsInLog = 0;
		};
		6AE87BED1CD276FD0053CD9D /* Update CoreData Subclasses (mogenerator) */ = {
			isa = PBXShellScriptBuildPhase;
			buildActionMask = 2147483647;
			files = (
			);
			inputPaths = (
			);
			name = "Update CoreData Subclasses (mogenerator)";
			outputPaths = (
			);
			runOnlyForDeploymentPostprocessing = 0;
			shellPath = /bin/sh;
			shellScript = "${SRCROOT}/Avocado/CoreData/mogenerator.sh";
		};
		B0DFEA25DCDDB691FBC6651D /* Copy Pods Resources */ = {
			isa = PBXShellScriptBuildPhase;
			buildActionMask = 2147483647;
			files = (
			);
			inputPaths = (
			);
			name = "Copy Pods Resources";
			outputPaths = (
			);
			runOnlyForDeploymentPostprocessing = 0;
			shellPath = /bin/sh;
			shellScript = "\"${SRCROOT}/Pods/Target Support Files/Pods-Avocado/Pods-Avocado-resources.sh\"\n";
			showEnvVarsInLog = 0;
		};
		F8652002148D4BDE09E87921 /* Check Pods Manifest.lock */ = {
			isa = PBXShellScriptBuildPhase;
			buildActionMask = 2147483647;
			files = (
			);
			inputPaths = (
			);
			name = "Check Pods Manifest.lock";
			outputPaths = (
			);
			runOnlyForDeploymentPostprocessing = 0;
			shellPath = /bin/sh;
			shellScript = "diff \"${PODS_ROOT}/../Podfile.lock\" \"${PODS_ROOT}/Manifest.lock\" > /dev/null\nif [[ $? != 0 ]] ; then\n    cat << EOM\nerror: The sandbox is not in sync with the Podfile.lock. Run 'pod install' or update your CocoaPods installation.\nEOM\n    exit 1\nfi\n";
			showEnvVarsInLog = 0;
		};
/* End PBXShellScriptBuildPhase section */

/* Begin PBXSourcesBuildPhase section */
		6AE87BC01CD275C90053CD9D /* Sources */ = {
			isa = PBXSourcesBuildPhase;
			buildActionMask = 2147483647;
			files = (
				6AE87BCC1CD275C90053CD9D /* main.m in Sources */,
				6ABC2DB11CD4357E006B959F /* TSLibraryTag.m in Sources */,
				6ABC2DBE1CD43586006B959F /* _TSLibraryAlbum.m in Sources */,
				6AE87C211CD3D5460053CD9D /* TSLibRawWrapper.m in Sources */,
				6AE87BEC1CD276E70053CD9D /* Avocado.xcdatamodeld in Sources */,
				6ABC2DC31CD43586006B959F /* _TSLibraryTag.m in Sources */,
				6ABC2DAC1CD4357E006B959F /* TSLibraryAlbum.m in Sources */,
				6ABC2D9C1CD42C4A006B959F /* _TSLibraryImage.m in Sources */,
				6AE87BC91CD275C90053CD9D /* TSAppDelegate.m in Sources */,
				6ABC2DAF1CD4357E006B959F /* TSLibraryImage.m in Sources */,
				6ABC2DAD1CD4357E006B959F /* TSLibraryAlbumCollection.m in Sources */,
				6ABC2DAE1CD4357E006B959F /* TSLibraryExportService.m in Sources */,
				6ABC2DC01CD43586006B959F /* _TSLibraryExportService.m in Sources */,
				6ABC2DBF1CD43586006B959F /* _TSLibraryAlbumCollection.m in Sources */,
				6ABC2DC21CD43586006B959F /* _TSLibraryImageAdjustment.m in Sources */,
				6ABC2DB01CD4357E006B959F /* TSLibraryImageAdjustment.m in Sources */,
			);
			runOnlyForDeploymentPostprocessing = 0;
		};
/* End PBXSourcesBuildPhase section */

/* Begin PBXVariantGroup section */
		6AE87BD21CD275C90053CD9D /* MainMenu.xib */ = {
			isa = PBXVariantGroup;
			children = (
				6AE87BD31CD275C90053CD9D /* Base */,
			);
			name = MainMenu.xib;
			sourceTree = "<group>";
		};
/* End PBXVariantGroup section */

/* Begin XCBuildConfiguration section */
		6AE87BD61CD275C90053CD9D /* Debug */ = {
			isa = XCBuildConfiguration;
			buildSettings = {
				ALWAYS_SEARCH_USER_PATHS = NO;
				CLANG_ANALYZER_NONNULL = YES;
				CLANG_CXX_LANGUAGE_STANDARD = "gnu++0x";
				CLANG_CXX_LIBRARY = "libc++";
				CLANG_ENABLE_MODULES = YES;
				CLANG_ENABLE_OBJC_ARC = YES;
				CLANG_WARN_BOOL_CONVERSION = YES;
				CLANG_WARN_CONSTANT_CONVERSION = YES;
				CLANG_WARN_DIRECT_OBJC_ISA_USAGE = YES_ERROR;
				CLANG_WARN_EMPTY_BODY = YES;
				CLANG_WARN_ENUM_CONVERSION = YES;
				CLANG_WARN_INT_CONVERSION = YES;
				CLANG_WARN_OBJC_ROOT_CLASS = YES_ERROR;
				CLANG_WARN_UNREACHABLE_CODE = YES;
				CLANG_WARN__DUPLICATE_METHOD_MATCH = YES;
				CODE_SIGN_IDENTITY = "-";
				COPY_PHASE_STRIP = NO;
				DEBUG_INFORMATION_FORMAT = dwarf;
				ENABLE_STRICT_OBJC_MSGSEND = YES;
				ENABLE_TESTABILITY = YES;
				GCC_C_LANGUAGE_STANDARD = gnu99;
				GCC_DYNAMIC_NO_PIC = NO;
				GCC_NO_COMMON_BLOCKS = YES;
				GCC_OPTIMIZATION_LEVEL = 0;
				GCC_PREPROCESSOR_DEFINITIONS = (
					"DEBUG=1",
					"$(inherited)",
				);
				GCC_WARN_64_TO_32_BIT_CONVERSION = YES;
				GCC_WARN_ABOUT_RETURN_TYPE = YES_ERROR;
				GCC_WARN_UNDECLARED_SELECTOR = YES;
				GCC_WARN_UNINITIALIZED_AUTOS = YES_AGGRESSIVE;
				GCC_WARN_UNUSED_FUNCTION = YES;
				GCC_WARN_UNUSED_VARIABLE = YES;
				MACOSX_DEPLOYMENT_TARGET = 10.11;
				MTL_ENABLE_DEBUG_INFO = YES;
				ONLY_ACTIVE_ARCH = YES;
				SDKROOT = macosx;
			};
			name = Debug;
		};
		6AE87BD71CD275C90053CD9D /* Release */ = {
			isa = XCBuildConfiguration;
			buildSettings = {
				ALWAYS_SEARCH_USER_PATHS = NO;
				CLANG_ANALYZER_NONNULL = YES;
				CLANG_CXX_LANGUAGE_STANDARD = "gnu++0x";
				CLANG_CXX_LIBRARY = "libc++";
				CLANG_ENABLE_MODULES = YES;
				CLANG_ENABLE_OBJC_ARC = YES;
				CLANG_WARN_BOOL_CONVERSION = YES;
				CLANG_WARN_CONSTANT_CONVERSION = YES;
				CLANG_WARN_DIRECT_OBJC_ISA_USAGE = YES_ERROR;
				CLANG_WARN_EMPTY_BODY = YES;
				CLANG_WARN_ENUM_CONVERSION = YES;
				CLANG_WARN_INT_CONVERSION = YES;
				CLANG_WARN_OBJC_ROOT_CLASS = YES_ERROR;
				CLANG_WARN_UNREACHABLE_CODE = YES;
				CLANG_WARN__DUPLICATE_METHOD_MATCH = YES;
				CODE_SIGN_IDENTITY = "-";
				COPY_PHASE_STRIP = NO;
				DEBUG_INFORMATION_FORMAT = "dwarf-with-dsym";
				ENABLE_NS_ASSERTIONS = NO;
				ENABLE_STRICT_OBJC_MSGSEND = YES;
				GCC_C_LANGUAGE_STANDARD = gnu99;
				GCC_NO_COMMON_BLOCKS = YES;
				GCC_WARN_64_TO_32_BIT_CONVERSION = YES;
				GCC_WARN_ABOUT_RETURN_TYPE = YES_ERROR;
				GCC_WARN_UNDECLARED_SELECTOR = YES;
				GCC_WARN_UNINITIALIZED_AUTOS = YES_AGGRESSIVE;
				GCC_WARN_UNUSED_FUNCTION = YES;
				GCC_WARN_UNUSED_VARIABLE = YES;
				MACOSX_DEPLOYMENT_TARGET = 10.11;
				MTL_ENABLE_DEBUG_INFO = NO;
				SDKROOT = macosx;
			};
			name = Release;
		};
		6AE87BD91CD275C90053CD9D /* Debug */ = {
			isa = XCBuildConfiguration;
			baseConfigurationReference = 072E3CE76E3BE9A62C321D67 /* Pods-Avocado.debug.xcconfig */;
			buildSettings = {
				ASSETCATALOG_COMPILER_APPICON_NAME = AppIcon;
				COMBINE_HIDPI_IMAGES = YES;
				GCC_PREFIX_HEADER = "Avocado/Avocado-Prefix.pch";
				INFOPLIST_FILE = Avocado/Info.plist;
				LD_RUNPATH_SEARCH_PATHS = "$(inherited) @executable_path/../Frameworks";
				LIBRARY_SEARCH_PATHS = (
					"$(inherited)",
					"$(PROJECT_DIR)/Dependencies/LibRaw-0.17.1/lib/.libs",
				);
				PRODUCT_BUNDLE_IDENTIFIER = me.tseifert.Avocado;
				PRODUCT_NAME = "$(TARGET_NAME)";
			};
			name = Debug;
		};
		6AE87BDA1CD275C90053CD9D /* Release */ = {
			isa = XCBuildConfiguration;
			baseConfigurationReference = 70A0E8562B68C925C7E5445C /* Pods-Avocado.release.xcconfig */;
			buildSettings = {
				ASSETCATALOG_COMPILER_APPICON_NAME = AppIcon;
				COMBINE_HIDPI_IMAGES = YES;
				GCC_PREFIX_HEADER = "Avocado/Avocado-Prefix.pch";
				INFOPLIST_FILE = Avocado/Info.plist;
				LD_RUNPATH_SEARCH_PATHS = "$(inherited) @executable_path/../Frameworks";
				LIBRARY_SEARCH_PATHS = (
					"$(inherited)",
					"$(PROJECT_DIR)/Dependencies/LibRaw-0.17.1/lib/.libs",
				);
				PRODUCT_BUNDLE_IDENTIFIER = me.tseifert.Avocado;
				PRODUCT_NAME = "$(TARGET_NAME)";
			};
			name = Release;
		};
/* End XCBuildConfiguration section */

/* Begin XCConfigurationList section */
		6AE87BBF1CD275C90053CD9D /* Build configuration list for PBXProject "Avocado" */ = {
			isa = XCConfigurationList;
			buildConfigurations = (
				6AE87BD61CD275C90053CD9D /* Debug */,
				6AE87BD71CD275C90053CD9D /* Release */,
			);
			defaultConfigurationIsVisible = 0;
			defaultConfigurationName = Release;
		};
		6AE87BD81CD275C90053CD9D /* Build configuration list for PBXNativeTarget "Avocado" */ = {
			isa = XCConfigurationList;
			buildConfigurations = (
				6AE87BD91CD275C90053CD9D /* Debug */,
				6AE87BDA1CD275C90053CD9D /* Release */,
			);
			defaultConfigurationIsVisible = 0;
			defaultConfigurationName = Release;
		};
/* End XCConfigurationList section */

/* Begin XCVersionGroup section */
		6AE87BEA1CD276E70053CD9D /* Avocado.xcdatamodeld */ = {
			isa = XCVersionGroup;
			children = (
				6AE87BEB1CD276E70053CD9D /* Avocado.xcdatamodel */,
			);
			currentVersion = 6AE87BEB1CD276E70053CD9D /* Avocado.xcdatamodel */;
			name = Avocado.xcdatamodeld;
			path = Avocado/CoreData/Avocado.xcdatamodeld;
			sourceTree = "<group>";
			versionGroupType = wrapper.xcdatamodel;
		};
/* End XCVersionGroup section */
	};
	rootObject = 6AE87BBC1CD275C90053CD9D /* Project object */;
}
