<?xml version="1.0" encoding="UTF-8"?>
<!DOCTYPE plist PUBLIC "-//Apple//DTD PLIST 1.0//EN" "http://www.apple.com/DTDs/PropertyList-1.0.dtd">
<plist version="1.0">
<dict>
	<key>archiveVersion</key>
	<string>1</string>
	<key>classes</key>
	<dict/>
	<key>objectVersion</key>
	<string>46</string>
	<key>objects</key>
	<dict>
		<key>072E3CE76E3BE9A62C321D67</key>
		<dict>
			<key>includeInIndex</key>
			<string>1</string>
			<key>isa</key>
			<string>PBXFileReference</string>
			<key>lastKnownFileType</key>
			<string>text.xcconfig</string>
			<key>name</key>
			<string>Pods-Avocado.debug.xcconfig</string>
			<key>path</key>
			<string>Pods/Target Support Files/Pods-Avocado/Pods-Avocado.debug.xcconfig</string>
			<key>sourceTree</key>
			<string>&lt;group&gt;</string>
		</dict>
		<key>677C148D027D0E0A6543CA26</key>
		<dict>
			<key>buildActionMask</key>
			<string>2147483647</string>
			<key>files</key>
			<array/>
			<key>inputPaths</key>
			<array/>
			<key>isa</key>
			<string>PBXShellScriptBuildPhase</string>
			<key>name</key>
			<string>Embed Pods Frameworks</string>
			<key>outputPaths</key>
			<array/>
			<key>runOnlyForDeploymentPostprocessing</key>
			<string>0</string>
			<key>shellPath</key>
			<string>/bin/sh</string>
			<key>shellScript</key>
			<string>"${SRCROOT}/Pods/Target Support Files/Pods-Avocado/Pods-Avocado-frameworks.sh"
</string>
			<key>showEnvVarsInLog</key>
			<string>0</string>
		</dict>
		<key>6ABC2D991CD42C30006B959F</key>
		<dict>
			<key>isa</key>
			<string>PBXFileReference</string>
			<key>lastKnownFileType</key>
			<string>sourcecode.c.h</string>
			<key>name</key>
			<string>TSHumanModels.h</string>
			<key>path</key>
			<string>Avocado/CoreData/Managed Object Subclasses/TSHumanModels.h</string>
			<key>sourceTree</key>
			<string>&lt;group&gt;</string>
		</dict>
		<key>6ABC2D9A1CD42C4A006B959F</key>
		<dict>
			<key>fileEncoding</key>
			<string>4</string>
			<key>isa</key>
			<string>PBXFileReference</string>
			<key>lastKnownFileType</key>
			<string>sourcecode.c.h</string>
			<key>name</key>
			<string>_TSLibraryImage.h</string>
			<key>path</key>
			<string>Avocado/CoreData/Managed Object Subclasses/Entity/_TSLibraryImage.h</string>
			<key>sourceTree</key>
			<string>&lt;group&gt;</string>
		</dict>
		<key>6ABC2D9B1CD42C4A006B959F</key>
		<dict>
			<key>fileEncoding</key>
			<string>4</string>
			<key>isa</key>
			<string>PBXFileReference</string>
			<key>lastKnownFileType</key>
			<string>sourcecode.c.objc</string>
			<key>name</key>
			<string>_TSLibraryImage.m</string>
			<key>path</key>
			<string>Avocado/CoreData/Managed Object Subclasses/Entity/_TSLibraryImage.m</string>
			<key>sourceTree</key>
			<string>&lt;group&gt;</string>
		</dict>
		<key>6ABC2D9C1CD42C4A006B959F</key>
		<dict>
			<key>fileRef</key>
			<string>6ABC2D9B1CD42C4A006B959F</string>
			<key>isa</key>
			<string>PBXBuildFile</string>
		</dict>
		<key>6ABC2D9D1CD42C56006B959F</key>
		<dict>
			<key>fileEncoding</key>
			<string>4</string>
			<key>isa</key>
			<string>PBXFileReference</string>
			<key>lastKnownFileType</key>
			<string>sourcecode.c.h</string>
			<key>name</key>
			<string>TSLibraryImage.h</string>
			<key>path</key>
			<string>Avocado/CoreData/Managed Object Subclasses/Model/TSLibraryImage.h</string>
			<key>sourceTree</key>
			<string>&lt;group&gt;</string>
		</dict>
		<key>6ABC2D9E1CD42C56006B959F</key>
		<dict>
			<key>fileEncoding</key>
			<string>4</string>
			<key>isa</key>
			<string>PBXFileReference</string>
			<key>lastKnownFileType</key>
			<string>sourcecode.c.objc</string>
			<key>name</key>
			<string>TSLibraryImage.m</string>
			<key>path</key>
			<string>Avocado/CoreData/Managed Object Subclasses/Model/TSLibraryImage.m</string>
			<key>sourceTree</key>
			<string>&lt;group&gt;</string>
		</dict>
		<key>6ABC2DA01CD4357E006B959F</key>
		<dict>
			<key>fileEncoding</key>
			<string>4</string>
			<key>isa</key>
			<string>PBXFileReference</string>
			<key>lastKnownFileType</key>
			<string>sourcecode.c.h</string>
			<key>name</key>
			<string>TSLibraryAlbum.h</string>
			<key>path</key>
			<string>Avocado/CoreData/Managed Object Subclasses/Model/TSLibraryAlbum.h</string>
			<key>sourceTree</key>
			<string>&lt;group&gt;</string>
		</dict>
		<key>6ABC2DA11CD4357E006B959F</key>
		<dict>
			<key>fileEncoding</key>
			<string>4</string>
			<key>isa</key>
			<string>PBXFileReference</string>
			<key>lastKnownFileType</key>
			<string>sourcecode.c.objc</string>
			<key>name</key>
			<string>TSLibraryAlbum.m</string>
			<key>path</key>
			<string>Avocado/CoreData/Managed Object Subclasses/Model/TSLibraryAlbum.m</string>
			<key>sourceTree</key>
			<string>&lt;group&gt;</string>
		</dict>
		<key>6ABC2DA21CD4357E006B959F</key>
		<dict>
			<key>fileEncoding</key>
			<string>4</string>
			<key>isa</key>
			<string>PBXFileReference</string>
			<key>lastKnownFileType</key>
			<string>sourcecode.c.h</string>
			<key>name</key>
			<string>TSLibraryAlbumCollection.h</string>
			<key>path</key>
			<string>Avocado/CoreData/Managed Object Subclasses/Model/TSLibraryAlbumCollection.h</string>
			<key>sourceTree</key>
			<string>&lt;group&gt;</string>
		</dict>
		<key>6ABC2DA31CD4357E006B959F</key>
		<dict>
			<key>fileEncoding</key>
			<string>4</string>
			<key>isa</key>
			<string>PBXFileReference</string>
			<key>lastKnownFileType</key>
			<string>sourcecode.c.objc</string>
			<key>name</key>
			<string>TSLibraryAlbumCollection.m</string>
			<key>path</key>
			<string>Avocado/CoreData/Managed Object Subclasses/Model/TSLibraryAlbumCollection.m</string>
			<key>sourceTree</key>
			<string>&lt;group&gt;</string>
		</dict>
		<key>6ABC2DA41CD4357E006B959F</key>
		<dict>
			<key>fileEncoding</key>
			<string>4</string>
			<key>isa</key>
			<string>PBXFileReference</string>
			<key>lastKnownFileType</key>
			<string>sourcecode.c.h</string>
			<key>name</key>
			<string>TSLibraryExportService.h</string>
			<key>path</key>
			<string>Avocado/CoreData/Managed Object Subclasses/Model/TSLibraryExportService.h</string>
			<key>sourceTree</key>
			<string>&lt;group&gt;</string>
		</dict>
		<key>6ABC2DA51CD4357E006B959F</key>
		<dict>
			<key>fileEncoding</key>
			<string>4</string>
			<key>isa</key>
			<string>PBXFileReference</string>
			<key>lastKnownFileType</key>
			<string>sourcecode.c.objc</string>
			<key>name</key>
			<string>TSLibraryExportService.m</string>
			<key>path</key>
			<string>Avocado/CoreData/Managed Object Subclasses/Model/TSLibraryExportService.m</string>
			<key>sourceTree</key>
			<string>&lt;group&gt;</string>
		</dict>
		<key>6ABC2DA61CD4357E006B959F</key>
		<dict>
			<key>fileEncoding</key>
			<string>4</string>
			<key>isa</key>
			<string>PBXFileReference</string>
			<key>lastKnownFileType</key>
			<string>sourcecode.c.h</string>
			<key>name</key>
			<string>TSLibraryImage.h</string>
			<key>path</key>
			<string>Avocado/CoreData/Managed Object Subclasses/Model/TSLibraryImage.h</string>
			<key>sourceTree</key>
			<string>&lt;group&gt;</string>
		</dict>
		<key>6ABC2DA71CD4357E006B959F</key>
		<dict>
			<key>fileEncoding</key>
			<string>4</string>
			<key>isa</key>
			<string>PBXFileReference</string>
			<key>lastKnownFileType</key>
			<string>sourcecode.c.objc</string>
			<key>name</key>
			<string>TSLibraryImage.m</string>
			<key>path</key>
			<string>Avocado/CoreData/Managed Object Subclasses/Model/TSLibraryImage.m</string>
			<key>sourceTree</key>
			<string>&lt;group&gt;</string>
		</dict>
		<key>6ABC2DA81CD4357E006B959F</key>
		<dict>
			<key>fileEncoding</key>
			<string>4</string>
			<key>isa</key>
			<string>PBXFileReference</string>
			<key>lastKnownFileType</key>
			<string>sourcecode.c.h</string>
			<key>name</key>
			<string>TSLibraryImageAdjustment.h</string>
			<key>path</key>
			<string>Avocado/CoreData/Managed Object Subclasses/Model/TSLibraryImageAdjustment.h</string>
			<key>sourceTree</key>
			<string>&lt;group&gt;</string>
		</dict>
		<key>6ABC2DA91CD4357E006B959F</key>
		<dict>
			<key>fileEncoding</key>
			<string>4</string>
			<key>isa</key>
			<string>PBXFileReference</string>
			<key>lastKnownFileType</key>
			<string>sourcecode.c.objc</string>
			<key>name</key>
			<string>TSLibraryImageAdjustment.m</string>
			<key>path</key>
			<string>Avocado/CoreData/Managed Object Subclasses/Model/TSLibraryImageAdjustment.m</string>
			<key>sourceTree</key>
			<string>&lt;group&gt;</string>
		</dict>
		<key>6ABC2DAA1CD4357E006B959F</key>
		<dict>
			<key>fileEncoding</key>
			<string>4</string>
			<key>isa</key>
			<string>PBXFileReference</string>
			<key>lastKnownFileType</key>
			<string>sourcecode.c.h</string>
			<key>name</key>
			<string>TSLibraryTag.h</string>
			<key>path</key>
			<string>Avocado/CoreData/Managed Object Subclasses/Model/TSLibraryTag.h</string>
			<key>sourceTree</key>
			<string>&lt;group&gt;</string>
		</dict>
		<key>6ABC2DAB1CD4357E006B959F</key>
		<dict>
			<key>fileEncoding</key>
			<string>4</string>
			<key>isa</key>
			<string>PBXFileReference</string>
			<key>lastKnownFileType</key>
			<string>sourcecode.c.objc</string>
			<key>name</key>
			<string>TSLibraryTag.m</string>
			<key>path</key>
			<string>Avocado/CoreData/Managed Object Subclasses/Model/TSLibraryTag.m</string>
			<key>sourceTree</key>
			<string>&lt;group&gt;</string>
		</dict>
		<key>6ABC2DAC1CD4357E006B959F</key>
		<dict>
			<key>fileRef</key>
			<string>6ABC2DA11CD4357E006B959F</string>
			<key>isa</key>
			<string>PBXBuildFile</string>
		</dict>
		<key>6ABC2DAD1CD4357E006B959F</key>
		<dict>
			<key>fileRef</key>
			<string>6ABC2DA31CD4357E006B959F</string>
			<key>isa</key>
			<string>PBXBuildFile</string>
		</dict>
		<key>6ABC2DAE1CD4357E006B959F</key>
		<dict>
			<key>fileRef</key>
			<string>6ABC2DA51CD4357E006B959F</string>
			<key>isa</key>
			<string>PBXBuildFile</string>
		</dict>
		<key>6ABC2DAF1CD4357E006B959F</key>
		<dict>
			<key>fileRef</key>
			<string>6ABC2DA71CD4357E006B959F</string>
			<key>isa</key>
			<string>PBXBuildFile</string>
		</dict>
		<key>6ABC2DB01CD4357E006B959F</key>
		<dict>
			<key>fileRef</key>
			<string>6ABC2DA91CD4357E006B959F</string>
			<key>isa</key>
			<string>PBXBuildFile</string>
		</dict>
		<key>6ABC2DB11CD4357E006B959F</key>
		<dict>
			<key>fileRef</key>
			<string>6ABC2DAB1CD4357E006B959F</string>
			<key>isa</key>
			<string>PBXBuildFile</string>
		</dict>
		<key>6ABC2DB21CD43586006B959F</key>
		<dict>
			<key>fileEncoding</key>
			<string>4</string>
			<key>isa</key>
			<string>PBXFileReference</string>
			<key>lastKnownFileType</key>
			<string>sourcecode.c.h</string>
			<key>name</key>
			<string>_TSLibraryAlbum.h</string>
			<key>path</key>
			<string>Avocado/CoreData/Managed Object Subclasses/Entity/_TSLibraryAlbum.h</string>
			<key>sourceTree</key>
			<string>&lt;group&gt;</string>
		</dict>
		<key>6ABC2DB31CD43586006B959F</key>
		<dict>
			<key>fileEncoding</key>
			<string>4</string>
			<key>isa</key>
			<string>PBXFileReference</string>
			<key>lastKnownFileType</key>
			<string>sourcecode.c.objc</string>
			<key>name</key>
			<string>_TSLibraryAlbum.m</string>
			<key>path</key>
			<string>Avocado/CoreData/Managed Object Subclasses/Entity/_TSLibraryAlbum.m</string>
			<key>sourceTree</key>
			<string>&lt;group&gt;</string>
		</dict>
		<key>6ABC2DB41CD43586006B959F</key>
		<dict>
			<key>fileEncoding</key>
			<string>4</string>
			<key>isa</key>
			<string>PBXFileReference</string>
			<key>lastKnownFileType</key>
			<string>sourcecode.c.h</string>
			<key>name</key>
			<string>_TSLibraryAlbumCollection.h</string>
			<key>path</key>
			<string>Avocado/CoreData/Managed Object Subclasses/Entity/_TSLibraryAlbumCollection.h</string>
			<key>sourceTree</key>
			<string>&lt;group&gt;</string>
		</dict>
		<key>6ABC2DB51CD43586006B959F</key>
		<dict>
			<key>fileEncoding</key>
			<string>4</string>
			<key>isa</key>
			<string>PBXFileReference</string>
			<key>lastKnownFileType</key>
			<string>sourcecode.c.objc</string>
			<key>name</key>
			<string>_TSLibraryAlbumCollection.m</string>
			<key>path</key>
			<string>Avocado/CoreData/Managed Object Subclasses/Entity/_TSLibraryAlbumCollection.m</string>
			<key>sourceTree</key>
			<string>&lt;group&gt;</string>
		</dict>
		<key>6ABC2DB61CD43586006B959F</key>
		<dict>
			<key>fileEncoding</key>
			<string>4</string>
			<key>isa</key>
			<string>PBXFileReference</string>
			<key>lastKnownFileType</key>
			<string>sourcecode.c.h</string>
			<key>name</key>
			<string>_TSLibraryExportService.h</string>
			<key>path</key>
			<string>Avocado/CoreData/Managed Object Subclasses/Entity/_TSLibraryExportService.h</string>
			<key>sourceTree</key>
			<string>&lt;group&gt;</string>
		</dict>
		<key>6ABC2DB71CD43586006B959F</key>
		<dict>
			<key>fileEncoding</key>
			<string>4</string>
			<key>isa</key>
			<string>PBXFileReference</string>
			<key>lastKnownFileType</key>
			<string>sourcecode.c.objc</string>
			<key>name</key>
			<string>_TSLibraryExportService.m</string>
			<key>path</key>
			<string>Avocado/CoreData/Managed Object Subclasses/Entity/_TSLibraryExportService.m</string>
			<key>sourceTree</key>
			<string>&lt;group&gt;</string>
		</dict>
		<key>6ABC2DB81CD43586006B959F</key>
		<dict>
			<key>fileEncoding</key>
			<string>4</string>
			<key>isa</key>
			<string>PBXFileReference</string>
			<key>lastKnownFileType</key>
			<string>sourcecode.c.h</string>
			<key>name</key>
			<string>_TSLibraryImage.h</string>
			<key>path</key>
			<string>Avocado/CoreData/Managed Object Subclasses/Entity/_TSLibraryImage.h</string>
			<key>sourceTree</key>
			<string>&lt;group&gt;</string>
		</dict>
		<key>6ABC2DB91CD43586006B959F</key>
		<dict>
			<key>fileEncoding</key>
			<string>4</string>
			<key>isa</key>
			<string>PBXFileReference</string>
			<key>lastKnownFileType</key>
			<string>sourcecode.c.objc</string>
			<key>name</key>
			<string>_TSLibraryImage.m</string>
			<key>path</key>
			<string>Avocado/CoreData/Managed Object Subclasses/Entity/_TSLibraryImage.m</string>
			<key>sourceTree</key>
			<string>&lt;group&gt;</string>
		</dict>
		<key>6ABC2DBA1CD43586006B959F</key>
		<dict>
			<key>fileEncoding</key>
			<string>4</string>
			<key>isa</key>
			<string>PBXFileReference</string>
			<key>lastKnownFileType</key>
			<string>sourcecode.c.h</string>
			<key>name</key>
			<string>_TSLibraryImageAdjustment.h</string>
			<key>path</key>
			<string>Avocado/CoreData/Managed Object Subclasses/Entity/_TSLibraryImageAdjustment.h</string>
			<key>sourceTree</key>
			<string>&lt;group&gt;</string>
		</dict>
		<key>6ABC2DBB1CD43586006B959F</key>
		<dict>
			<key>fileEncoding</key>
			<string>4</string>
			<key>isa</key>
			<string>PBXFileReference</string>
			<key>lastKnownFileType</key>
			<string>sourcecode.c.objc</string>
			<key>name</key>
			<string>_TSLibraryImageAdjustment.m</string>
			<key>path</key>
			<string>Avocado/CoreData/Managed Object Subclasses/Entity/_TSLibraryImageAdjustment.m</string>
			<key>sourceTree</key>
			<string>&lt;group&gt;</string>
		</dict>
		<key>6ABC2DBC1CD43586006B959F</key>
		<dict>
			<key>fileEncoding</key>
			<string>4</string>
			<key>isa</key>
			<string>PBXFileReference</string>
			<key>lastKnownFileType</key>
			<string>sourcecode.c.h</string>
			<key>name</key>
			<string>_TSLibraryTag.h</string>
			<key>path</key>
			<string>Avocado/CoreData/Managed Object Subclasses/Entity/_TSLibraryTag.h</string>
			<key>sourceTree</key>
			<string>&lt;group&gt;</string>
		</dict>
		<key>6ABC2DBD1CD43586006B959F</key>
		<dict>
			<key>fileEncoding</key>
			<string>4</string>
			<key>isa</key>
			<string>PBXFileReference</string>
			<key>lastKnownFileType</key>
			<string>sourcecode.c.objc</string>
			<key>name</key>
			<string>_TSLibraryTag.m</string>
			<key>path</key>
			<string>Avocado/CoreData/Managed Object Subclasses/Entity/_TSLibraryTag.m</string>
			<key>sourceTree</key>
			<string>&lt;group&gt;</string>
		</dict>
		<key>6ABC2DBE1CD43586006B959F</key>
		<dict>
			<key>fileRef</key>
			<string>6ABC2DB31CD43586006B959F</string>
			<key>isa</key>
			<string>PBXBuildFile</string>
		</dict>
		<key>6ABC2DBF1CD43586006B959F</key>
		<dict>
			<key>fileRef</key>
			<string>6ABC2DB51CD43586006B959F</string>
			<key>isa</key>
			<string>PBXBuildFile</string>
		</dict>
		<key>6ABC2DC01CD43586006B959F</key>
		<dict>
			<key>fileRef</key>
			<string>6ABC2DB71CD43586006B959F</string>
			<key>isa</key>
			<string>PBXBuildFile</string>
		</dict>
		<key>6ABC2DC21CD43586006B959F</key>
		<dict>
			<key>fileRef</key>
			<string>6ABC2DBB1CD43586006B959F</string>
			<key>isa</key>
			<string>PBXBuildFile</string>
		</dict>
		<key>6ABC2DC31CD43586006B959F</key>
		<dict>
			<key>fileRef</key>
			<string>6ABC2DBD1CD43586006B959F</string>
			<key>isa</key>
			<string>PBXBuildFile</string>
		</dict>
		<key>6AE87BBB1CD275C90053CD9D</key>
		<dict>
			<key>children</key>
			<array>
				<string>6AEC350E1CD43DCA0033DE0A</string>
				<string>6AE87BC51CD275C90053CD9D</string>
				<string>8A1D7E197716AC0277E58CE5</string>
				<string>F4FC62D8D3C46EB93528ACF1</string>
			</array>
			<key>isa</key>
			<string>PBXGroup</string>
			<key>sourceTree</key>
			<string>&lt;group&gt;</string>
		</dict>
		<key>6AE87BBC1CD275C90053CD9D</key>
		<dict>
			<key>attributes</key>
			<dict>
				<key>LastUpgradeCheck</key>
				<string>0730</string>
				<key>ORGANIZATIONNAME</key>
				<string>Tristan Seifert</string>
				<key>TargetAttributes</key>
				<dict>
					<key>6AE87BC31CD275C90053CD9D</key>
					<dict>
						<key>CreatedOnToolsVersion</key>
						<string>7.3</string>
						<key>DevelopmentTeam</key>
						<string>8QDQ246B94</string>
					</dict>
				</dict>
			</dict>
			<key>buildConfigurationList</key>
			<string>6AE87BBF1CD275C90053CD9D</string>
			<key>compatibilityVersion</key>
			<string>Xcode 3.2</string>
			<key>developmentRegion</key>
			<string>English</string>
			<key>hasScannedForEncodings</key>
			<string>0</string>
			<key>isa</key>
			<string>PBXProject</string>
			<key>knownRegions</key>
			<array>
				<string>en</string>
				<string>Base</string>
			</array>
			<key>mainGroup</key>
			<string>6AE87BBB1CD275C90053CD9D</string>
			<key>productRefGroup</key>
			<string>6AE87BC51CD275C90053CD9D</string>
			<key>projectDirPath</key>
			<string></string>
			<key>projectReferences</key>
			<array/>
			<key>projectRoot</key>
			<string></string>
			<key>targets</key>
			<array>
				<string>6AE87BC31CD275C90053CD9D</string>
			</array>
		</dict>
		<key>6AE87BBF1CD275C90053CD9D</key>
		<dict>
			<key>buildConfigurations</key>
			<array>
				<string>6AE87BD61CD275C90053CD9D</string>
				<string>6AE87BD71CD275C90053CD9D</string>
			</array>
			<key>defaultConfigurationIsVisible</key>
			<string>0</string>
			<key>defaultConfigurationName</key>
			<string>Release</string>
			<key>isa</key>
			<string>XCConfigurationList</string>
		</dict>
		<key>6AE87BC01CD275C90053CD9D</key>
		<dict>
			<key>buildActionMask</key>
			<string>2147483647</string>
			<key>files</key>
			<array>
				<string>6AE87BCC1CD275C90053CD9D</string>
				<string>6AEC35121CD43E070033DE0A</string>
				<string>6AEC350C1CD437170033DE0A</string>
				<string>6ABC2DB11CD4357E006B959F</string>
				<string>6ABC2DBE1CD43586006B959F</string>
				<string>6AE87C211CD3D5460053CD9D</string>
				<string>6AE87BEC1CD276E70053CD9D</string>
				<string>6ABC2DC31CD43586006B959F</string>
				<string>6ABC2DAC1CD4357E006B959F</string>
				<string>6AEC35471CD443B90033DE0A</string>
				<string>6ABC2D9C1CD42C4A006B959F</string>
				<string>6AE87BC91CD275C90053CD9D</string>
				<string>6AEC35411CD443460033DE0A</string>
				<string>6AEC35191CD43F000033DE0A</string>
				<string>6ABC2DAF1CD4357E006B959F</string>
				<string>6ABC2DAD1CD4357E006B959F</string>
				<string>6ABC2DAE1CD4357E006B959F</string>
				<string>6ABC2DC01CD43586006B959F</string>
				<string>6ABC2DBF1CD43586006B959F</string>
				<string>6ABC2DC21CD43586006B959F</string>
				<string>6ABC2DB01CD4357E006B959F</string>
			</array>
			<key>isa</key>
			<string>PBXSourcesBuildPhase</string>
			<key>runOnlyForDeploymentPostprocessing</key>
			<string>0</string>
		</dict>
		<key>6AE87BC11CD275C90053CD9D</key>
		<dict>
			<key>buildActionMask</key>
			<string>2147483647</string>
			<key>files</key>
			<array>
				<string>6AEC351D1CD43FF00033DE0A</string>
				<string>6AEC351B1CD43FED0033DE0A</string>
				<string>6AE87C151CD3D4B60053CD9D</string>
				<string>90D8F3504CA87BC8DFD0DDE7</string>
			</array>
			<key>isa</key>
			<string>PBXFrameworksBuildPhase</string>
			<key>runOnlyForDeploymentPostprocessing</key>
			<string>0</string>
		</dict>
		<key>6AE87BC21CD275C90053CD9D</key>
		<dict>
			<key>buildActionMask</key>
			<string>2147483647</string>
			<key>files</key>
			<array>
				<string>6AE87BD11CD275C90053CD9D</string>
				<string>6AEC35481CD443B90033DE0A</string>
				<string>6AE87BD41CD275C90053CD9D</string>
				<string>6AEC35131CD43E070033DE0A</string>
				<string>6AEC35421CD443460033DE0A</string>
			</array>
			<key>isa</key>
			<string>PBXResourcesBuildPhase</string>
			<key>runOnlyForDeploymentPostprocessing</key>
			<string>0</string>
		</dict>
		<key>6AE87BC31CD275C90053CD9D</key>
		<dict>
			<key>buildConfigurationList</key>
			<string>6AE87BD81CD275C90053CD9D</string>
			<key>buildPhases</key>
			<array>
				<string>F8652002148D4BDE09E87921</string>
				<string>6AE87BED1CD276FD0053CD9D</string>
				<string>6AE87BC01CD275C90053CD9D</string>
				<string>6AE87BC11CD275C90053CD9D</string>
				<string>6AE87BC21CD275C90053CD9D</string>
				<string>677C148D027D0E0A6543CA26</string>
				<string>B0DFEA25DCDDB691FBC6651D</string>
				<string>6AEC35281CD4406D0033DE0A</string>
			</array>
			<key>buildRules</key>
			<array/>
			<key>dependencies</key>
			<array/>
			<key>isa</key>
			<string>PBXNativeTarget</string>
			<key>name</key>
			<string>Avocado</string>
			<key>productName</key>
			<string>Avocado</string>
			<key>productReference</key>
			<string>6AE87BC41CD275C90053CD9D</string>
			<key>productType</key>
			<string>com.apple.product-type.application</string>
		</dict>
		<key>6AE87BC41CD275C90053CD9D</key>
		<dict>
			<key>explicitFileType</key>
			<string>wrapper.application</string>
			<key>includeInIndex</key>
			<string>0</string>
			<key>isa</key>
			<string>PBXFileReference</string>
			<key>path</key>
			<string>Avocado.app</string>
			<key>sourceTree</key>
			<string>BUILT_PRODUCTS_DIR</string>
		</dict>
		<key>6AE87BC51CD275C90053CD9D</key>
		<dict>
			<key>children</key>
			<array>
				<string>6AE87BC41CD275C90053CD9D</string>
			</array>
			<key>isa</key>
			<string>PBXGroup</string>
			<key>name</key>
			<string>Products</string>
			<key>sourceTree</key>
			<string>&lt;group&gt;</string>
		</dict>
		<key>6AE87BC61CD275C90053CD9D</key>
		<dict>
			<key>children</key>
			<array>
				<string>6AE87BC71CD275C90053CD9D</string>
				<string>6AE87BC81CD275C90053CD9D</string>
				<string>6AE87BD21CD275C90053CD9D</string>
			</array>
			<key>isa</key>
			<string>PBXGroup</string>
			<key>name</key>
			<string>App Delegate</string>
			<key>path</key>
			<string>Avocado</string>
			<key>sourceTree</key>
			<string>&lt;group&gt;</string>
		</dict>
		<key>6AE87BC71CD275C90053CD9D</key>
		<dict>
			<key>isa</key>
			<string>PBXFileReference</string>
			<key>lastKnownFileType</key>
			<string>sourcecode.c.h</string>
			<key>path</key>
			<string>TSAppDelegate.h</string>
			<key>sourceTree</key>
			<string>&lt;group&gt;</string>
		</dict>
		<key>6AE87BC81CD275C90053CD9D</key>
		<dict>
			<key>isa</key>
			<string>PBXFileReference</string>
			<key>lastKnownFileType</key>
			<string>sourcecode.c.objc</string>
			<key>path</key>
			<string>TSAppDelegate.m</string>
			<key>sourceTree</key>
			<string>&lt;group&gt;</string>
		</dict>
		<key>6AE87BC91CD275C90053CD9D</key>
		<dict>
			<key>fileRef</key>
			<string>6AE87BC81CD275C90053CD9D</string>
			<key>isa</key>
			<string>PBXBuildFile</string>
		</dict>
		<key>6AE87BCA1CD275C90053CD9D</key>
		<dict>
			<key>children</key>
			<array>
				<string>6AE87BCB1CD275C90053CD9D</string>
				<string>6AE87BDD1CD2767A0053CD9D</string>
			</array>
			<key>isa</key>
			<string>PBXGroup</string>
			<key>name</key>
			<string>Supporting Files</string>
			<key>path</key>
			<string>Avocado</string>
			<key>sourceTree</key>
			<string>&lt;group&gt;</string>
		</dict>
		<key>6AE87BCB1CD275C90053CD9D</key>
		<dict>
			<key>isa</key>
			<string>PBXFileReference</string>
			<key>lastKnownFileType</key>
			<string>sourcecode.c.objc</string>
			<key>path</key>
			<string>main.m</string>
			<key>sourceTree</key>
			<string>&lt;group&gt;</string>
		</dict>
		<key>6AE87BCC1CD275C90053CD9D</key>
		<dict>
			<key>fileRef</key>
			<string>6AE87BCB1CD275C90053CD9D</string>
			<key>isa</key>
			<string>PBXBuildFile</string>
		</dict>
		<key>6AE87BD01CD275C90053CD9D</key>
		<dict>
			<key>isa</key>
			<string>PBXFileReference</string>
			<key>lastKnownFileType</key>
			<string>folder.assetcatalog</string>
			<key>path</key>
			<string>Assets.xcassets</string>
			<key>sourceTree</key>
			<string>&lt;group&gt;</string>
		</dict>
		<key>6AE87BD11CD275C90053CD9D</key>
		<dict>
			<key>fileRef</key>
			<string>6AE87BD01CD275C90053CD9D</string>
			<key>isa</key>
			<string>PBXBuildFile</string>
		</dict>
		<key>6AE87BD21CD275C90053CD9D</key>
		<dict>
			<key>children</key>
			<array>
				<string>6AE87BD31CD275C90053CD9D</string>
			</array>
			<key>isa</key>
			<string>PBXVariantGroup</string>
			<key>name</key>
			<string>MainMenu.xib</string>
			<key>sourceTree</key>
			<string>&lt;group&gt;</string>
		</dict>
		<key>6AE87BD31CD275C90053CD9D</key>
		<dict>
			<key>isa</key>
			<string>PBXFileReference</string>
			<key>lastKnownFileType</key>
			<string>file.xib</string>
			<key>name</key>
			<string>Base</string>
			<key>path</key>
			<string>Base.lproj/MainMenu.xib</string>
			<key>sourceTree</key>
			<string>&lt;group&gt;</string>
		</dict>
		<key>6AE87BD41CD275C90053CD9D</key>
		<dict>
			<key>fileRef</key>
			<string>6AE87BD21CD275C90053CD9D</string>
			<key>isa</key>
			<string>PBXBuildFile</string>
		</dict>
		<key>6AE87BD51CD275C90053CD9D</key>
		<dict>
			<key>isa</key>
			<string>PBXFileReference</string>
			<key>lastKnownFileType</key>
			<string>text.plist.xml</string>
			<key>path</key>
			<string>Info.plist</string>
			<key>sourceTree</key>
			<string>&lt;group&gt;</string>
		</dict>
		<key>6AE87BD61CD275C90053CD9D</key>
		<dict>
			<key>buildSettings</key>
			<dict>
				<key>ALWAYS_SEARCH_USER_PATHS</key>
				<string>NO</string>
				<key>CLANG_ANALYZER_NONNULL</key>
				<string>YES</string>
				<key>CLANG_CXX_LANGUAGE_STANDARD</key>
				<string>gnu++0x</string>
				<key>CLANG_CXX_LIBRARY</key>
				<string>libc++</string>
				<key>CLANG_ENABLE_MODULES</key>
				<string>YES</string>
				<key>CLANG_ENABLE_OBJC_ARC</key>
				<string>YES</string>
				<key>CLANG_WARN_BOOL_CONVERSION</key>
				<string>YES</string>
				<key>CLANG_WARN_CONSTANT_CONVERSION</key>
				<string>YES</string>
				<key>CLANG_WARN_DIRECT_OBJC_ISA_USAGE</key>
				<string>YES_ERROR</string>
				<key>CLANG_WARN_EMPTY_BODY</key>
				<string>YES</string>
				<key>CLANG_WARN_ENUM_CONVERSION</key>
				<string>YES</string>
				<key>CLANG_WARN_INT_CONVERSION</key>
				<string>YES</string>
				<key>CLANG_WARN_OBJC_ROOT_CLASS</key>
				<string>YES_ERROR</string>
				<key>CLANG_WARN_UNREACHABLE_CODE</key>
				<string>YES</string>
				<key>CLANG_WARN__DUPLICATE_METHOD_MATCH</key>
				<string>YES</string>
				<key>CODE_SIGN_IDENTITY</key>
				<string>-</string>
				<key>COPY_PHASE_STRIP</key>
				<string>NO</string>
				<key>DEBUG_INFORMATION_FORMAT</key>
				<string>dwarf</string>
				<key>ENABLE_STRICT_OBJC_MSGSEND</key>
				<string>YES</string>
				<key>ENABLE_TESTABILITY</key>
				<string>YES</string>
				<key>GCC_C_LANGUAGE_STANDARD</key>
				<string>gnu99</string>
				<key>GCC_DYNAMIC_NO_PIC</key>
				<string>NO</string>
				<key>GCC_NO_COMMON_BLOCKS</key>
				<string>YES</string>
				<key>GCC_OPTIMIZATION_LEVEL</key>
				<string>0</string>
				<key>GCC_PREPROCESSOR_DEFINITIONS</key>
				<array>
					<string>DEBUG=1</string>
					<string>$(inherited)</string>
				</array>
				<key>GCC_WARN_64_TO_32_BIT_CONVERSION</key>
				<string>YES</string>
				<key>GCC_WARN_ABOUT_RETURN_TYPE</key>
				<string>YES_ERROR</string>
				<key>GCC_WARN_UNDECLARED_SELECTOR</key>
				<string>YES</string>
				<key>GCC_WARN_UNINITIALIZED_AUTOS</key>
				<string>YES_AGGRESSIVE</string>
				<key>GCC_WARN_UNUSED_FUNCTION</key>
				<string>YES</string>
				<key>GCC_WARN_UNUSED_VARIABLE</key>
				<string>YES</string>
				<key>MACOSX_DEPLOYMENT_TARGET</key>
				<string>10.11</string>
				<key>MTL_ENABLE_DEBUG_INFO</key>
				<string>YES</string>
				<key>ONLY_ACTIVE_ARCH</key>
				<string>YES</string>
				<key>SDKROOT</key>
				<string>macosx</string>
			</dict>
			<key>isa</key>
			<string>XCBuildConfiguration</string>
			<key>name</key>
			<string>Debug</string>
		</dict>
		<key>6AE87BD71CD275C90053CD9D</key>
		<dict>
			<key>buildSettings</key>
			<dict>
				<key>ALWAYS_SEARCH_USER_PATHS</key>
				<string>NO</string>
				<key>CLANG_ANALYZER_NONNULL</key>
				<string>YES</string>
				<key>CLANG_CXX_LANGUAGE_STANDARD</key>
				<string>gnu++0x</string>
				<key>CLANG_CXX_LIBRARY</key>
				<string>libc++</string>
				<key>CLANG_ENABLE_MODULES</key>
				<string>YES</string>
				<key>CLANG_ENABLE_OBJC_ARC</key>
				<string>YES</string>
				<key>CLANG_WARN_BOOL_CONVERSION</key>
				<string>YES</string>
				<key>CLANG_WARN_CONSTANT_CONVERSION</key>
				<string>YES</string>
				<key>CLANG_WARN_DIRECT_OBJC_ISA_USAGE</key>
				<string>YES_ERROR</string>
				<key>CLANG_WARN_EMPTY_BODY</key>
				<string>YES</string>
				<key>CLANG_WARN_ENUM_CONVERSION</key>
				<string>YES</string>
				<key>CLANG_WARN_INT_CONVERSION</key>
				<string>YES</string>
				<key>CLANG_WARN_OBJC_ROOT_CLASS</key>
				<string>YES_ERROR</string>
				<key>CLANG_WARN_UNREACHABLE_CODE</key>
				<string>YES</string>
				<key>CLANG_WARN__DUPLICATE_METHOD_MATCH</key>
				<string>YES</string>
				<key>CODE_SIGN_IDENTITY</key>
				<string>-</string>
				<key>COPY_PHASE_STRIP</key>
				<string>NO</string>
				<key>DEBUG_INFORMATION_FORMAT</key>
				<string>dwarf-with-dsym</string>
				<key>ENABLE_NS_ASSERTIONS</key>
				<string>NO</string>
				<key>ENABLE_STRICT_OBJC_MSGSEND</key>
				<string>YES</string>
				<key>GCC_C_LANGUAGE_STANDARD</key>
				<string>gnu99</string>
				<key>GCC_NO_COMMON_BLOCKS</key>
				<string>YES</string>
				<key>GCC_WARN_64_TO_32_BIT_CONVERSION</key>
				<string>YES</string>
				<key>GCC_WARN_ABOUT_RETURN_TYPE</key>
				<string>YES_ERROR</string>
				<key>GCC_WARN_UNDECLARED_SELECTOR</key>
				<string>YES</string>
				<key>GCC_WARN_UNINITIALIZED_AUTOS</key>
				<string>YES_AGGRESSIVE</string>
				<key>GCC_WARN_UNUSED_FUNCTION</key>
				<string>YES</string>
				<key>GCC_WARN_UNUSED_VARIABLE</key>
				<string>YES</string>
				<key>MACOSX_DEPLOYMENT_TARGET</key>
				<string>10.11</string>
				<key>MTL_ENABLE_DEBUG_INFO</key>
				<string>NO</string>
				<key>SDKROOT</key>
				<string>macosx</string>
			</dict>
			<key>isa</key>
			<string>XCBuildConfiguration</string>
			<key>name</key>
			<string>Release</string>
		</dict>
		<key>6AE87BD81CD275C90053CD9D</key>
		<dict>
			<key>buildConfigurations</key>
			<array>
				<string>6AE87BD91CD275C90053CD9D</string>
				<string>6AE87BDA1CD275C90053CD9D</string>
			</array>
			<key>defaultConfigurationIsVisible</key>
			<string>0</string>
			<key>defaultConfigurationName</key>
			<string>Release</string>
			<key>isa</key>
			<string>XCConfigurationList</string>
		</dict>
		<key>6AE87BD91CD275C90053CD9D</key>
		<dict>
			<key>baseConfigurationReference</key>
			<string>072E3CE76E3BE9A62C321D67</string>
			<key>buildSettings</key>
			<dict>
				<key>ASSETCATALOG_COMPILER_APPICON_NAME</key>
				<string>AppIcon</string>
				<key>CODE_SIGN_IDENTITY</key>
				<string>Developer ID Application</string>
				<key>COMBINE_HIDPI_IMAGES</key>
				<string>YES</string>
				<key>GCC_PREFIX_HEADER</key>
				<string>Avocado/Avocado-Prefix.pch</string>
				<key>INFOPLIST_FILE</key>
				<string>Avocado/Info.plist</string>
				<key>LD_RUNPATH_SEARCH_PATHS</key>
				<string>$(inherited) @executable_path/../Frameworks</string>
				<key>LIBRARY_SEARCH_PATHS</key>
				<array>
					<string>$(inherited)</string>
					<string>$(PROJECT_DIR)/Dependencies/LibRaw-0.17.1/lib/.libs</string>
				</array>
				<key>MACOSX_DEPLOYMENT_TARGET</key>
				<string>10.11</string>
				<key>PRODUCT_BUNDLE_IDENTIFIER</key>
				<string>me.tseifert.Avocado</string>
				<key>PRODUCT_NAME</key>
				<string>$(TARGET_NAME)</string>
			</dict>
			<key>isa</key>
			<string>XCBuildConfiguration</string>
			<key>name</key>
			<string>Debug</string>
		</dict>
		<key>6AE87BDA1CD275C90053CD9D</key>
		<dict>
			<key>baseConfigurationReference</key>
			<string>70A0E8562B68C925C7E5445C</string>
			<key>buildSettings</key>
			<dict>
				<key>ASSETCATALOG_COMPILER_APPICON_NAME</key>
				<string>AppIcon</string>
				<key>CODE_SIGN_IDENTITY</key>
				<string>Developer ID Application</string>
				<key>COMBINE_HIDPI_IMAGES</key>
				<string>YES</string>
				<key>GCC_PREFIX_HEADER</key>
				<string>Avocado/Avocado-Prefix.pch</string>
				<key>INFOPLIST_FILE</key>
				<string>Avocado/Info.plist</string>
				<key>LD_RUNPATH_SEARCH_PATHS</key>
				<string>$(inherited) @executable_path/../Frameworks</string>
				<key>LIBRARY_SEARCH_PATHS</key>
				<array>
					<string>$(inherited)</string>
					<string>$(PROJECT_DIR)/Dependencies/LibRaw-0.17.1/lib/.libs</string>
				</array>
				<key>MACOSX_DEPLOYMENT_TARGET</key>
				<string>10.11</string>
				<key>PRODUCT_BUNDLE_IDENTIFIER</key>
				<string>me.tseifert.Avocado</string>
				<key>PRODUCT_NAME</key>
				<string>$(TARGET_NAME)</string>
			</dict>
			<key>isa</key>
			<string>XCBuildConfiguration</string>
			<key>name</key>
			<string>Release</string>
		</dict>
		<key>6AE87BDB1CD275FA0053CD9D</key>
		<dict>
			<key>children</key>
			<array>
				<string>6AE87BD51CD275C90053CD9D</string>
				<string>6AE87BD01CD275C90053CD9D</string>
			</array>
			<key>isa</key>
			<string>PBXGroup</string>
			<key>name</key>
			<string>Resources</string>
			<key>path</key>
			<string>Avocado</string>
			<key>sourceTree</key>
			<string>&lt;group&gt;</string>
		</dict>
		<key>6AE87BDC1CD276070053CD9D</key>
		<dict>
			<key>children</key>
			<array>
				<string>6AE87BE81CD276AE0053CD9D</string>
				<string>6AE87BEE1CD2777E0053CD9D</string>
				<string>6AE87BEA1CD276E70053CD9D</string>
				<string>6AEC350A1CD437170033DE0A</string>
				<string>6AEC350B1CD437170033DE0A</string>
				<string>6AEC35171CD43F000033DE0A</string>
				<string>6AEC35181CD43F000033DE0A</string>
			</array>
			<key>isa</key>
			<string>PBXGroup</string>
			<key>name</key>
			<string>CoreData</string>
			<key>sourceTree</key>
			<string>&lt;group&gt;</string>
		</dict>
		<key>6AE87BDD1CD2767A0053CD9D</key>
		<dict>
			<key>isa</key>
			<string>PBXFileReference</string>
			<key>lastKnownFileType</key>
			<string>sourcecode.c.h</string>
			<key>path</key>
			<string>Avocado-Prefix.pch</string>
			<key>sourceTree</key>
			<string>&lt;group&gt;</string>
		</dict>
		<key>6AE87BE81CD276AE0053CD9D</key>
		<dict>
			<key>children</key>
			<array>
				<string>6AE87BE91CD276BF0053CD9D</string>
			</array>
			<key>isa</key>
			<string>PBXGroup</string>
			<key>name</key>
			<string>Build Tools</string>
			<key>sourceTree</key>
			<string>&lt;group&gt;</string>
		</dict>
		<key>6AE87BE91CD276BF0053CD9D</key>
		<dict>
			<key>isa</key>
			<string>PBXFileReference</string>
			<key>lastKnownFileType</key>
			<string>text.script.sh</string>
			<key>name</key>
			<string>mogenerator.sh</string>
			<key>path</key>
			<string>Avocado/CoreData/mogenerator.sh</string>
			<key>sourceTree</key>
			<string>&lt;group&gt;</string>
		</dict>
		<key>6AE87BEA1CD276E70053CD9D</key>
		<dict>
			<key>children</key>
			<array>
				<string>6AE87BEB1CD276E70053CD9D</string>
			</array>
			<key>currentVersion</key>
			<string>6AE87BEB1CD276E70053CD9D</string>
			<key>isa</key>
			<string>XCVersionGroup</string>
			<key>name</key>
			<string>Avocado.xcdatamodeld</string>
			<key>path</key>
			<string>Avocado/CoreData/Avocado.xcdatamodeld</string>
			<key>sourceTree</key>
			<string>&lt;group&gt;</string>
			<key>versionGroupType</key>
			<string>wrapper.xcdatamodel</string>
		</dict>
		<key>6AE87BEB1CD276E70053CD9D</key>
		<dict>
			<key>isa</key>
			<string>PBXFileReference</string>
			<key>lastKnownFileType</key>
			<string>wrapper.xcdatamodel</string>
			<key>path</key>
			<string>Avocado.xcdatamodel</string>
			<key>sourceTree</key>
			<string>&lt;group&gt;</string>
		</dict>
		<key>6AE87BEC1CD276E70053CD9D</key>
		<dict>
			<key>fileRef</key>
			<string>6AE87BEA1CD276E70053CD9D</string>
			<key>isa</key>
			<string>PBXBuildFile</string>
		</dict>
		<key>6AE87BED1CD276FD0053CD9D</key>
		<dict>
			<key>buildActionMask</key>
			<string>2147483647</string>
			<key>files</key>
			<array/>
			<key>inputPaths</key>
			<array/>
			<key>isa</key>
			<string>PBXShellScriptBuildPhase</string>
			<key>name</key>
			<string>Update CoreData Subclasses (mogenerator)</string>
			<key>outputPaths</key>
			<array/>
			<key>runOnlyForDeploymentPostprocessing</key>
			<string>0</string>
			<key>shellPath</key>
			<string>/bin/sh</string>
			<key>shellScript</key>
			<string>${SRCROOT}/Avocado/CoreData/mogenerator.sh</string>
		</dict>
		<key>6AE87BEE1CD2777E0053CD9D</key>
		<dict>
			<key>children</key>
			<array>
				<string>6ABC2D991CD42C30006B959F</string>
				<string>6AE87BF01CD277860053CD9D</string>
				<string>6AE87BEF1CD277830053CD9D</string>
			</array>
			<key>isa</key>
			<string>PBXGroup</string>
			<key>name</key>
			<string>Managed Object Subclasses</string>
			<key>sourceTree</key>
			<string>&lt;group&gt;</string>
		</dict>
		<key>6AE87BEF1CD277830053CD9D</key>
		<dict>
			<key>children</key>
			<array>
				<string>6ABC2DB21CD43586006B959F</string>
				<string>6ABC2DB31CD43586006B959F</string>
				<string>6ABC2DB41CD43586006B959F</string>
				<string>6ABC2DB51CD43586006B959F</string>
				<string>6ABC2DB61CD43586006B959F</string>
				<string>6ABC2DB71CD43586006B959F</string>
				<string>6ABC2DB81CD43586006B959F</string>
				<string>6ABC2DB91CD43586006B959F</string>
				<string>6ABC2DBA1CD43586006B959F</string>
				<string>6ABC2DBB1CD43586006B959F</string>
				<string>6ABC2DBC1CD43586006B959F</string>
				<string>6ABC2DBD1CD43586006B959F</string>
				<string>6ABC2D9A1CD42C4A006B959F</string>
				<string>6ABC2D9B1CD42C4A006B959F</string>
			</array>
			<key>isa</key>
			<string>PBXGroup</string>
			<key>name</key>
			<string>Entity</string>
			<key>sourceTree</key>
			<string>&lt;group&gt;</string>
		</dict>
		<key>6AE87BF01CD277860053CD9D</key>
		<dict>
			<key>children</key>
			<array>
				<string>6ABC2DA01CD4357E006B959F</string>
				<string>6ABC2DA11CD4357E006B959F</string>
				<string>6ABC2DA21CD4357E006B959F</string>
				<string>6ABC2DA31CD4357E006B959F</string>
				<string>6ABC2DA41CD4357E006B959F</string>
				<string>6ABC2DA51CD4357E006B959F</string>
				<string>6ABC2DA61CD4357E006B959F</string>
				<string>6ABC2DA71CD4357E006B959F</string>
				<string>6ABC2DA81CD4357E006B959F</string>
				<string>6ABC2DA91CD4357E006B959F</string>
				<string>6ABC2DAA1CD4357E006B959F</string>
				<string>6ABC2DAB1CD4357E006B959F</string>
				<string>6ABC2D9D1CD42C56006B959F</string>
				<string>6ABC2D9E1CD42C56006B959F</string>
			</array>
			<key>isa</key>
			<string>PBXGroup</string>
			<key>name</key>
			<string>Model</string>
			<key>sourceTree</key>
			<string>&lt;group&gt;</string>
		</dict>
		<key>6AE87BF11CD3D28E0053CD9D</key>
		<dict>
			<key>children</key>
			<array>
				<string>6AE87BF21CD3D2940053CD9D</string>
			</array>
			<key>isa</key>
			<string>PBXGroup</string>
			<key>name</key>
			<string>Dependencies</string>
			<key>sourceTree</key>
			<string>&lt;group&gt;</string>
		</dict>
		<key>6AE87BF21CD3D2940053CD9D</key>
		<dict>
			<key>children</key>
			<array>
				<string>6AE87C141CD3D4B60053CD9D</string>
				<string>6AE87C1E1CD3D5280053CD9D</string>
				<string>6AE87C161CD3D4D40053CD9D</string>
			</array>
			<key>isa</key>
			<string>PBXGroup</string>
			<key>name</key>
			<string>libraw</string>
			<key>sourceTree</key>
			<string>&lt;group&gt;</string>
		</dict>
		<key>6AE87C141CD3D4B60053CD9D</key>
		<dict>
			<key>isa</key>
			<string>PBXFileReference</string>
			<key>lastKnownFileType</key>
			<string>archive.ar</string>
			<key>name</key>
			<string>libraw_r.a</string>
			<key>path</key>
			<string>Dependencies/LibRaw-0.17.1/lib/.libs/libraw_r.a</string>
			<key>sourceTree</key>
			<string>&lt;group&gt;</string>
		</dict>
		<key>6AE87C151CD3D4B60053CD9D</key>
		<dict>
			<key>fileRef</key>
			<string>6AE87C141CD3D4B60053CD9D</string>
			<key>isa</key>
			<string>PBXBuildFile</string>
		</dict>
		<key>6AE87C161CD3D4D40053CD9D</key>
		<dict>
			<key>children</key>
			<array>
				<string>6AE87C171CD3D4D40053CD9D</string>
				<string>6AE87C181CD3D4D40053CD9D</string>
				<string>6AE87C191CD3D4D40053CD9D</string>
				<string>6AE87C1A1CD3D4D40053CD9D</string>
				<string>6AE87C1B1CD3D4D40053CD9D</string>
				<string>6AE87C1C1CD3D4D40053CD9D</string>
				<string>6AE87C1D1CD3D4D40053CD9D</string>
			</array>
			<key>isa</key>
			<string>PBXGroup</string>
			<key>name</key>
			<string>Headers</string>
			<key>path</key>
			<string>Dependencies/LibRaw-0.17.1/libraw</string>
			<key>sourceTree</key>
			<string>&lt;group&gt;</string>
		</dict>
		<key>6AE87C171CD3D4D40053CD9D</key>
		<dict>
			<key>fileEncoding</key>
			<string>4</string>
			<key>isa</key>
			<string>PBXFileReference</string>
			<key>lastKnownFileType</key>
			<string>sourcecode.c.h</string>
			<key>path</key>
			<string>libraw.h</string>
			<key>sourceTree</key>
			<string>&lt;group&gt;</string>
		</dict>
		<key>6AE87C181CD3D4D40053CD9D</key>
		<dict>
			<key>fileEncoding</key>
			<string>4</string>
			<key>isa</key>
			<string>PBXFileReference</string>
			<key>lastKnownFileType</key>
			<string>sourcecode.c.h</string>
			<key>path</key>
			<string>libraw_alloc.h</string>
			<key>sourceTree</key>
			<string>&lt;group&gt;</string>
		</dict>
		<key>6AE87C191CD3D4D40053CD9D</key>
		<dict>
			<key>fileEncoding</key>
			<string>4</string>
			<key>isa</key>
			<string>PBXFileReference</string>
			<key>lastKnownFileType</key>
			<string>sourcecode.c.h</string>
			<key>path</key>
			<string>libraw_const.h</string>
			<key>sourceTree</key>
			<string>&lt;group&gt;</string>
		</dict>
		<key>6AE87C1A1CD3D4D40053CD9D</key>
		<dict>
			<key>fileEncoding</key>
			<string>4</string>
			<key>isa</key>
			<string>PBXFileReference</string>
			<key>lastKnownFileType</key>
			<string>sourcecode.c.h</string>
			<key>path</key>
			<string>libraw_datastream.h</string>
			<key>sourceTree</key>
			<string>&lt;group&gt;</string>
		</dict>
		<key>6AE87C1B1CD3D4D40053CD9D</key>
		<dict>
			<key>fileEncoding</key>
			<string>4</string>
			<key>isa</key>
			<string>PBXFileReference</string>
			<key>lastKnownFileType</key>
			<string>sourcecode.c.h</string>
			<key>path</key>
			<string>libraw_internal.h</string>
			<key>sourceTree</key>
			<string>&lt;group&gt;</string>
		</dict>
		<key>6AE87C1C1CD3D4D40053CD9D</key>
		<dict>
			<key>fileEncoding</key>
			<string>4</string>
			<key>isa</key>
			<string>PBXFileReference</string>
			<key>lastKnownFileType</key>
			<string>sourcecode.c.h</string>
			<key>path</key>
			<string>libraw_types.h</string>
			<key>sourceTree</key>
			<string>&lt;group&gt;</string>
		</dict>
		<key>6AE87C1D1CD3D4D40053CD9D</key>
		<dict>
			<key>fileEncoding</key>
			<string>4</string>
			<key>isa</key>
			<string>PBXFileReference</string>
			<key>lastKnownFileType</key>
			<string>sourcecode.c.h</string>
			<key>path</key>
			<string>libraw_version.h</string>
			<key>sourceTree</key>
			<string>&lt;group&gt;</string>
		</dict>
		<key>6AE87C1E1CD3D5280053CD9D</key>
		<dict>
			<key>children</key>
			<array>
				<string>6AE87C1F1CD3D5460053CD9D</string>
				<string>6AE87C201CD3D5460053CD9D</string>
			</array>
			<key>isa</key>
			<string>PBXGroup</string>
			<key>name</key>
			<string>ObjC Wrapper</string>
			<key>sourceTree</key>
			<string>&lt;group&gt;</string>
		</dict>
		<key>6AE87C1F1CD3D5460053CD9D</key>
		<dict>
			<key>fileEncoding</key>
			<string>4</string>
			<key>isa</key>
			<string>PBXFileReference</string>
			<key>lastKnownFileType</key>
			<string>sourcecode.c.h</string>
			<key>name</key>
			<string>TSLibRawWrapper.h</string>
			<key>path</key>
			<string>Avocado/RAW Processing/TSLibRawWrapper.h</string>
			<key>sourceTree</key>
			<string>&lt;group&gt;</string>
		</dict>
		<key>6AE87C201CD3D5460053CD9D</key>
		<dict>
			<key>explicitFileType</key>
			<string>sourcecode.cpp.objcpp</string>
			<key>fileEncoding</key>
			<string>4</string>
			<key>isa</key>
			<string>PBXFileReference</string>
			<key>name</key>
			<string>TSLibRawWrapper.m</string>
			<key>path</key>
			<string>Avocado/RAW Processing/TSLibRawWrapper.m</string>
			<key>sourceTree</key>
			<string>&lt;group&gt;</string>
		</dict>
		<key>6AE87C211CD3D5460053CD9D</key>
		<dict>
			<key>fileRef</key>
			<string>6AE87C201CD3D5460053CD9D</string>
			<key>isa</key>
			<string>PBXBuildFile</string>
		</dict>
		<key>6AEC350A1CD437170033DE0A</key>
		<dict>
			<key>fileEncoding</key>
			<string>4</string>
			<key>isa</key>
			<string>PBXFileReference</string>
			<key>lastKnownFileType</key>
			<string>sourcecode.c.h</string>
			<key>name</key>
			<string>TSCoreDataStore.h</string>
			<key>path</key>
			<string>Avocado/CoreData/TSCoreDataStore.h</string>
			<key>sourceTree</key>
			<string>&lt;group&gt;</string>
		</dict>
		<key>6AEC350B1CD437170033DE0A</key>
		<dict>
			<key>fileEncoding</key>
			<string>4</string>
			<key>isa</key>
			<string>PBXFileReference</string>
			<key>lastKnownFileType</key>
			<string>sourcecode.c.objc</string>
			<key>name</key>
			<string>TSCoreDataStore.m</string>
			<key>path</key>
			<string>Avocado/CoreData/TSCoreDataStore.m</string>
			<key>sourceTree</key>
			<string>&lt;group&gt;</string>
		</dict>
		<key>6AEC350C1CD437170033DE0A</key>
		<dict>
			<key>fileRef</key>
			<string>6AEC350B1CD437170033DE0A</string>
			<key>isa</key>
			<string>PBXBuildFile</string>
		</dict>
		<key>6AEC350D1CD43DBD0033DE0A</key>
		<dict>
			<key>children</key>
			<array>
				<string>6AEC350F1CD43E070033DE0A</string>
				<string>6AEC35101CD43E070033DE0A</string>
				<string>6AEC35111CD43E070033DE0A</string>
			</array>
			<key>isa</key>
			<string>PBXGroup</string>
			<key>name</key>
			<string>Library Window</string>
			<key>path</key>
			<string>Avocado</string>
			<key>sourceTree</key>
			<string>&lt;group&gt;</string>
		</dict>
		<key>6AEC350E1CD43DCA0033DE0A</key>
		<dict>
			<key>children</key>
			<array>
				<string>6AE87BDC1CD276070053CD9D</string>
				<string>6AEC35431CD443A50033DE0A</string>
				<string>6AEC353D1CD4431B0033DE0A</string>
				<string>6AEC350D1CD43DBD0033DE0A</string>
				<string>6AE87BC61CD275C90053CD9D</string>
				<string>6AE87BF11CD3D28E0053CD9D</string>
				<string>6AE87BDB1CD275FA0053CD9D</string>
				<string>6AE87BCA1CD275C90053CD9D</string>
			</array>
			<key>isa</key>
			<string>PBXGroup</string>
			<key>name</key>
			<string>Avocado App</string>
			<key>sourceTree</key>
			<string>&lt;group&gt;</string>
		</dict>
		<key>6AEC350F1CD43E070033DE0A</key>
		<dict>
			<key>fileEncoding</key>
			<string>4</string>
			<key>isa</key>
			<string>PBXFileReference</string>
			<key>lastKnownFileType</key>
			<string>sourcecode.c.h</string>
			<key>name</key>
			<string>TSMainLibraryWindowController.h</string>
			<key>path</key>
			<string>Library Window/TSMainLibraryWindowController.h</string>
			<key>sourceTree</key>
			<string>&lt;group&gt;</string>
		</dict>
		<key>6AEC35101CD43E070033DE0A</key>
		<dict>
			<key>fileEncoding</key>
			<string>4</string>
			<key>isa</key>
			<string>PBXFileReference</string>
			<key>lastKnownFileType</key>
			<string>sourcecode.c.objc</string>
			<key>name</key>
			<string>TSMainLibraryWindowController.m</string>
			<key>path</key>
			<string>Library Window/TSMainLibraryWindowController.m</string>
			<key>sourceTree</key>
			<string>&lt;group&gt;</string>
		</dict>
		<key>6AEC35111CD43E070033DE0A</key>
		<dict>
			<key>fileEncoding</key>
			<string>4</string>
			<key>isa</key>
			<string>PBXFileReference</string>
			<key>lastKnownFileType</key>
			<string>file.xib</string>
			<key>name</key>
			<string>TSMainLibraryWindow.xib</string>
			<key>path</key>
			<string>Library Window/TSMainLibraryWindow.xib</string>
			<key>sourceTree</key>
			<string>&lt;group&gt;</string>
		</dict>
		<key>6AEC35121CD43E070033DE0A</key>
		<dict>
			<key>fileRef</key>
			<string>6AEC35101CD43E070033DE0A</string>
			<key>isa</key>
			<string>PBXBuildFile</string>
		</dict>
		<key>6AEC35131CD43E070033DE0A</key>
		<dict>
			<key>fileRef</key>
			<string>6AEC35111CD43E070033DE0A</string>
			<key>isa</key>
			<string>PBXBuildFile</string>
		</dict>
		<key>6AEC35171CD43F000033DE0A</key>
		<dict>
			<key>fileEncoding</key>
			<string>4</string>
			<key>isa</key>
			<string>PBXFileReference</string>
			<key>lastKnownFileType</key>
			<string>sourcecode.c.h</string>
			<key>name</key>
			<string>TSCoreDataStoreIB.h</string>
			<key>path</key>
			<string>Avocado/CoreData/TSCoreDataStoreIB.h</string>
			<key>sourceTree</key>
			<string>&lt;group&gt;</string>
		</dict>
		<key>6AEC35181CD43F000033DE0A</key>
		<dict>
			<key>fileEncoding</key>
			<string>4</string>
			<key>isa</key>
			<string>PBXFileReference</string>
			<key>lastKnownFileType</key>
			<string>sourcecode.c.objc</string>
			<key>name</key>
			<string>TSCoreDataStoreIB.m</string>
			<key>path</key>
			<string>Avocado/CoreData/TSCoreDataStoreIB.m</string>
			<key>sourceTree</key>
			<string>&lt;group&gt;</string>
		</dict>
		<key>6AEC35191CD43F000033DE0A</key>
		<dict>
			<key>fileRef</key>
			<string>6AEC35181CD43F000033DE0A</string>
			<key>isa</key>
			<string>PBXBuildFile</string>
		</dict>
		<key>6AEC351A1CD43FED0033DE0A</key>
		<dict>
			<key>isa</key>
			<string>PBXFileReference</string>
			<key>lastKnownFileType</key>
			<string>wrapper.framework</string>
			<key>name</key>
			<string>Accelerate.framework</string>
			<key>path</key>
			<string>System/Library/Frameworks/Accelerate.framework</string>
			<key>sourceTree</key>
			<string>SDKROOT</string>
		</dict>
		<key>6AEC351B1CD43FED0033DE0A</key>
		<dict>
			<key>fileRef</key>
			<string>6AEC351A1CD43FED0033DE0A</string>
			<key>isa</key>
			<string>PBXBuildFile</string>
		</dict>
		<key>6AEC351C1CD43FF00033DE0A</key>
		<dict>
			<key>isa</key>
			<string>PBXFileReference</string>
			<key>lastKnownFileType</key>
			<string>wrapper.framework</string>
			<key>name</key>
			<string>CoreImage.framework</string>
			<key>path</key>
			<string>System/Library/Frameworks/CoreImage.framework</string>
			<key>sourceTree</key>
			<string>SDKROOT</string>
		</dict>
		<key>6AEC351D1CD43FF00033DE0A</key>
		<dict>
			<key>fileRef</key>
			<string>6AEC351C1CD43FF00033DE0A</string>
			<key>isa</key>
			<string>PBXBuildFile</string>
		</dict>
		<key>6AEC35281CD4406D0033DE0A</key>
		<dict>
			<key>buildActionMask</key>
			<string>2147483647</string>
			<key>files</key>
			<array/>
			<key>inputPaths</key>
			<array/>
			<key>isa</key>
			<string>PBXShellScriptBuildPhase</string>
			<key>name</key>
			<string>Set Build Version</string>
			<key>outputPaths</key>
			<array/>
			<key>runOnlyForDeploymentPostprocessing</key>
			<string>0</string>
			<key>shellPath</key>
			<string>/bin/sh</string>
			<key>shellScript</key>
			<string>${SRCROOT}/Scripts/update_build_number.sh</string>
		</dict>
		<key>6AEC353D1CD4431B0033DE0A</key>
		<dict>
			<key>children</key>
			<array>
				<string>6AEC353E1CD443460033DE0A</string>
				<string>6AEC353F1CD443460033DE0A</string>
				<string>6AEC35401CD443460033DE0A</string>
			</array>
			<key>isa</key>
			<string>PBXGroup</string>
			<key>name</key>
			<string>Library Overview Controller</string>
			<key>path</key>
			<string>Avocado</string>
			<key>sourceTree</key>
			<string>&lt;group&gt;</string>
		</dict>
		<key>6AEC353E1CD443460033DE0A</key>
		<dict>
			<key>fileEncoding</key>
			<string>4</string>
			<key>isa</key>
			<string>PBXFileReference</string>
			<key>lastKnownFileType</key>
			<string>sourcecode.c.h</string>
			<key>name</key>
			<string>TSLibraryOverviewController.h</string>
			<key>path</key>
			<string>Library Window/Overview/TSLibraryOverviewController.h</string>
			<key>sourceTree</key>
			<string>&lt;group&gt;</string>
		</dict>
		<key>6AEC353F1CD443460033DE0A</key>
		<dict>
			<key>fileEncoding</key>
			<string>4</string>
			<key>isa</key>
			<string>PBXFileReference</string>
			<key>lastKnownFileType</key>
			<string>sourcecode.c.objc</string>
			<key>name</key>
			<string>TSLibraryOverviewController.m</string>
			<key>path</key>
			<string>Library Window/Overview/TSLibraryOverviewController.m</string>
			<key>sourceTree</key>
			<string>&lt;group&gt;</string>
		</dict>
		<key>6AEC35401CD443460033DE0A</key>
		<dict>
			<key>fileEncoding</key>
			<string>4</string>
			<key>isa</key>
			<string>PBXFileReference</string>
			<key>lastKnownFileType</key>
			<string>file.xib</string>
			<key>name</key>
			<string>TSLibraryOverview.xib</string>
			<key>path</key>
			<string>Library Window/Overview/TSLibraryOverview.xib</string>
			<key>sourceTree</key>
			<string>&lt;group&gt;</string>
		</dict>
		<key>6AEC35411CD443460033DE0A</key>
		<dict>
			<key>fileRef</key>
			<string>6AEC353F1CD443460033DE0A</string>
			<key>isa</key>
			<string>PBXBuildFile</string>
		</dict>
		<key>6AEC35421CD443460033DE0A</key>
		<dict>
			<key>fileRef</key>
			<string>6AEC35401CD443460033DE0A</string>
			<key>isa</key>
			<string>PBXBuildFile</string>
		</dict>
		<key>6AEC35431CD443A50033DE0A</key>
		<dict>
			<key>children</key>
			<array>
				<string>6AEC35441CD443B90033DE0A</string>
				<string>6AEC35451CD443B90033DE0A</string>
				<string>6AEC35461CD443B90033DE0A</string>
			</array>
			<key>isa</key>
			<string>PBXGroup</string>
			<key>name</key>
			<string>Library Detail Controller</string>
			<key>path</key>
			<string>Avocado</string>
			<key>sourceTree</key>
			<string>&lt;group&gt;</string>
		</dict>
		<key>6AEC35441CD443B90033DE0A</key>
		<dict>
			<key>fileEncoding</key>
			<string>4</string>
			<key>isa</key>
			<string>PBXFileReference</string>
			<key>lastKnownFileType</key>
			<string>sourcecode.c.h</string>
			<key>name</key>
			<string>TSLibraryDetailController.h</string>
			<key>path</key>
			<string>Library Window/Single Image/TSLibraryDetailController.h</string>
			<key>sourceTree</key>
			<string>&lt;group&gt;</string>
		</dict>
		<key>6AEC35451CD443B90033DE0A</key>
		<dict>
			<key>fileEncoding</key>
			<string>4</string>
			<key>isa</key>
			<string>PBXFileReference</string>
			<key>lastKnownFileType</key>
			<string>sourcecode.c.objc</string>
			<key>name</key>
			<string>TSLibraryDetailController.m</string>
			<key>path</key>
			<string>Library Window/Single Image/TSLibraryDetailController.m</string>
			<key>sourceTree</key>
			<string>&lt;group&gt;</string>
		</dict>
		<key>6AEC35461CD443B90033DE0A</key>
		<dict>
			<key>fileEncoding</key>
			<string>4</string>
			<key>isa</key>
			<string>PBXFileReference</string>
			<key>lastKnownFileType</key>
			<string>file.xib</string>
			<key>name</key>
			<string>TSLibraryDetail.xib</string>
			<key>path</key>
			<string>Library Window/Single Image/TSLibraryDetail.xib</string>
			<key>sourceTree</key>
			<string>&lt;group&gt;</string>
		</dict>
		<key>6AEC35471CD443B90033DE0A</key>
		<dict>
			<key>fileRef</key>
			<string>6AEC35451CD443B90033DE0A</string>
			<key>isa</key>
			<string>PBXBuildFile</string>
		</dict>
		<key>6AEC35481CD443B90033DE0A</key>
		<dict>
			<key>fileRef</key>
			<string>6AEC35461CD443B90033DE0A</string>
			<key>isa</key>
			<string>PBXBuildFile</string>
		</dict>
		<key>70A0E8562B68C925C7E5445C</key>
		<dict>
			<key>includeInIndex</key>
			<string>1</string>
			<key>isa</key>
			<string>PBXFileReference</string>
			<key>lastKnownFileType</key>
			<string>text.xcconfig</string>
			<key>name</key>
			<string>Pods-Avocado.release.xcconfig</string>
			<key>path</key>
			<string>Pods/Target Support Files/Pods-Avocado/Pods-Avocado.release.xcconfig</string>
			<key>sourceTree</key>
			<string>&lt;group&gt;</string>
		</dict>
		<key>819223217746015A3002C6D6</key>
		<dict>
			<key>explicitFileType</key>
			<string>wrapper.framework</string>
			<key>includeInIndex</key>
			<string>0</string>
			<key>isa</key>
			<string>PBXFileReference</string>
			<key>path</key>
			<string>Pods_Avocado.framework</string>
			<key>sourceTree</key>
			<string>BUILT_PRODUCTS_DIR</string>
		</dict>
		<key>8A1D7E197716AC0277E58CE5</key>
		<dict>
			<key>children</key>
			<array>
				<string>072E3CE76E3BE9A62C321D67</string>
				<string>70A0E8562B68C925C7E5445C</string>
			</array>
			<key>isa</key>
			<string>PBXGroup</string>
			<key>name</key>
			<string>Pods</string>
			<key>sourceTree</key>
			<string>&lt;group&gt;</string>
		</dict>
		<key>90D8F3504CA87BC8DFD0DDE7</key>
		<dict>
			<key>fileRef</key>
			<string>819223217746015A3002C6D6</string>
			<key>isa</key>
			<string>PBXBuildFile</string>
		</dict>
		<key>B0DFEA25DCDDB691FBC6651D</key>
		<dict>
			<key>buildActionMask</key>
			<string>2147483647</string>
			<key>files</key>
			<array/>
			<key>inputPaths</key>
			<array/>
			<key>isa</key>
			<string>PBXShellScriptBuildPhase</string>
			<key>name</key>
			<string>Copy Pods Resources</string>
			<key>outputPaths</key>
			<array/>
			<key>runOnlyForDeploymentPostprocessing</key>
			<string>0</string>
			<key>shellPath</key>
			<string>/bin/sh</string>
			<key>shellScript</key>
			<string>"${SRCROOT}/Pods/Target Support Files/Pods-Avocado/Pods-Avocado-resources.sh"
</string>
			<key>showEnvVarsInLog</key>
			<string>0</string>
		</dict>
		<key>F4FC62D8D3C46EB93528ACF1</key>
		<dict>
			<key>children</key>
			<array>
				<string>6AEC351C1CD43FF00033DE0A</string>
				<string>6AEC351A1CD43FED0033DE0A</string>
				<string>819223217746015A3002C6D6</string>
			</array>
			<key>isa</key>
			<string>PBXGroup</string>
			<key>name</key>
			<string>Frameworks</string>
			<key>sourceTree</key>
			<string>&lt;group&gt;</string>
		</dict>
		<key>F8652002148D4BDE09E87921</key>
		<dict>
			<key>buildActionMask</key>
			<string>2147483647</string>
			<key>files</key>
			<array/>
			<key>inputPaths</key>
			<array/>
			<key>isa</key>
			<string>PBXShellScriptBuildPhase</string>
			<key>name</key>
			<string>Check Pods Manifest.lock</string>
			<key>outputPaths</key>
			<array/>
			<key>runOnlyForDeploymentPostprocessing</key>
			<string>0</string>
			<key>shellPath</key>
			<string>/bin/sh</string>
			<key>shellScript</key>
			<string>diff "${PODS_ROOT}/../Podfile.lock" "${PODS_ROOT}/Manifest.lock" &gt; /dev/null
if [[ $? != 0 ]] ; then
    cat &lt;&lt; EOM
error: The sandbox is not in sync with the Podfile.lock. Run 'pod install' or update your CocoaPods installation.
EOM
    exit 1
fi
</string>
			<key>showEnvVarsInLog</key>
			<string>0</string>
		</dict>
	</dict>
	<key>rootObject</key>
	<string>6AE87BBC1CD275C90053CD9D</string>
</dict>
</plist>
